// !$*UTF8*$!
{
	archiveVersion = 1;
	classes = {
	};
	objectVersion = 77;
	objects = {

/* Begin PBXBuildFile section */
		5577E62E2FD656D20004733F /* PTCompassRollerView.swift in Sources */ = {isa = PBXBuildFile; fileRef = 5577E6202FD656D20004733F /* PTCompassRollerView.swift */; };
		5577E62F2FD656D20004733F /* PTLocationEngine.swift in Sources */ = {isa = PBXBuildFile; fileRef = 5577E6212FD656D20004733F /* PTLocationEngine.swift */; };
		5577E6302FD656D20004733F /* PTNowPlayingView.swift in Sources */ = {isa = PBXBuildFile; fileRef = 5577E6222FD656D20004733F /* PTNowPlayingView.swift */; };
		5577E6312FD656D20004733F /* PTSpeedometerView.swift in Sources */ = {isa = PBXBuildFile; fileRef = 5577E6232FD656D20004733F /* PTSpeedometerView.swift */; };
		5577E64E2FD657250004733F /* PTCompassRollerView.swift in Sources */ = {isa = PBXBuildFile; fileRef = 5577E6202FD656D20004733F /* PTCompassRollerView.swift */; };
		5577E64F2FD6572A0004733F /* PTLocationEngine.swift in Sources */ = {isa = PBXBuildFile; fileRef = 5577E6212FD656D20004733F /* PTLocationEngine.swift */; };
		5577E6502FD6572E0004733F /* PTNowPlayingView.swift in Sources */ = {isa = PBXBuildFile; fileRef = 5577E6222FD656D20004733F /* PTNowPlayingView.swift */; };
		5577E6512FD657330004733F /* PTSpeedometerView.swift in Sources */ = {isa = PBXBuildFile; fileRef = 5577E6232FD656D20004733F /* PTSpeedometerView.swift */; };
		5577E6762FD657F30004733F /* libz.tbd in Frameworks */ = {isa = PBXBuildFile; fileRef = 5577E6752FD657D20004733F /* libz.tbd */; };
		5577E6AB2FD662C20004733F /* PTMapView.swift in Sources */ = {isa = PBXBuildFile; fileRef = 5577E6AA2FD662C20004733F /* PTMapView.swift */; };
		5577E6AC2FD662C20004733F /* PTMapView.swift in Sources */ = {isa = PBXBuildFile; fileRef = 5577E6AA2FD662C20004733F /* PTMapView.swift */; };
		5577E6D12FD680730004733F /* PTTripStatsView.swift in Sources */ = {isa = PBXBuildFile; fileRef = 5577E6D02FD680730004733F /* PTTripStatsView.swift */; };
		5577E6D22FD680730004733F /* PTTripStatsView.swift in Sources */ = {isa = PBXBuildFile; fileRef = 5577E6D02FD680730004733F /* PTTripStatsView.swift */; };
		5577E7802FD6EEEF0004733F /* PTGForceView.swift in Sources */ = {isa = PBXBuildFile; fileRef = 5577E77F2FD6EEEF0004733F /* PTGForceView.swift */; };
		5577E7812FD6EEEF0004733F /* PTGForceView.swift in Sources */ = {isa = PBXBuildFile; fileRef = 5577E77F2FD6EEEF0004733F /* PTGForceView.swift */; };
		5577E7C92FD6FC8C0004733F /* PTCrashWarningView.swift in Sources */ = {isa = PBXBuildFile; fileRef = 5577E7C82FD6FC8C0004733F /* PTCrashWarningView.swift */; };
		5577E7CA2FD6FC8C0004733F /* PTCrashWarningView.swift in Sources */ = {isa = PBXBuildFile; fileRef = 5577E7C82FD6FC8C0004733F /* PTCrashWarningView.swift */; };
		5577E7CC2FD6FF890004733F /* PTLeanAngleView.swift in Sources */ = {isa = PBXBuildFile; fileRef = 5577E7CB2FD6FF890004733F /* PTLeanAngleView.swift */; };
		5577E7CD2FD6FF890004733F /* PTLeanAngleView.swift in Sources */ = {isa = PBXBuildFile; fileRef = 5577E7CB2FD6FF890004733F /* PTLeanAngleView.swift */; };
		5577E7CF2FD704790004733F /* PTBumpMeterView.swift in Sources */ = {isa = PBXBuildFile; fileRef = 5577E7CE2FD704790004733F /* PTBumpMeterView.swift */; };
		5577E7D02FD704790004733F /* PTBumpMeterView.swift in Sources */ = {isa = PBXBuildFile; fileRef = 5577E7CE2FD704790004733F /* PTBumpMeterView.swift */; };
		5577E7D22FD704AD0004733F /* PTPitchView.swift in Sources */ = {isa = PBXBuildFile; fileRef = 5577E7D12FD704AD0004733F /* PTPitchView.swift */; };
		5577E7D32FD704AD0004733F /* PTPitchView.swift in Sources */ = {isa = PBXBuildFile; fileRef = 5577E7D12FD704AD0004733F /* PTPitchView.swift */; };
		5A200D40EF300920887AD052 /* Pods_PTSpeed.framework in Frameworks */ = {isa = PBXBuildFile; fileRef = 33464FDDE31899C7F87FB6EC /* Pods_PTSpeed.framework */; };
		611EE02BED86EDA626884233 /* Pods_CrazyDashboard.framework in Frameworks */ = {isa = PBXBuildFile; fileRef = 561E4C337C3165E9409BE2DF /* Pods_CrazyDashboard.framework */; };
/* End PBXBuildFile section */

/* Begin PBXFileReference section */
		2567A83A06A2B2498B880D19 /* Pods-CrazyDashboard.release.xcconfig */ = {isa = PBXFileReference; includeInIndex = 1; lastKnownFileType = text.xcconfig; name = "Pods-CrazyDashboard.release.xcconfig"; path = "Target Support Files/Pods-CrazyDashboard/Pods-CrazyDashboard.release.xcconfig"; sourceTree = "<group>"; };
		33464FDDE31899C7F87FB6EC /* Pods_PTSpeed.framework */ = {isa = PBXFileReference; explicitFileType = wrapper.framework; includeInIndex = 0; path = Pods_PTSpeed.framework; sourceTree = BUILT_PRODUCTS_DIR; };
		5577E5BD2FD5C1DB0004733F /* CrazyDashboard.app */ = {isa = PBXFileReference; explicitFileType = wrapper.application; includeInIndex = 0; path = CrazyDashboard.app; sourceTree = BUILT_PRODUCTS_DIR; };
		5577E6202FD656D20004733F /* PTCompassRollerView.swift */ = {isa = PBXFileReference; lastKnownFileType = sourcecode.swift; path = PTCompassRollerView.swift; sourceTree = "<group>"; };
		5577E6212FD656D20004733F /* PTLocationEngine.swift */ = {isa = PBXFileReference; lastKnownFileType = sourcecode.swift; path = PTLocationEngine.swift; sourceTree = "<group>"; };
		5577E6222FD656D20004733F /* PTNowPlayingView.swift */ = {isa = PBXFileReference; lastKnownFileType = sourcecode.swift; path = PTNowPlayingView.swift; sourceTree = "<group>"; };
		5577E6232FD656D20004733F /* PTSpeedometerView.swift */ = {isa = PBXFileReference; lastKnownFileType = sourcecode.swift; path = PTSpeedometerView.swift; sourceTree = "<group>"; };
		5577E6382FD657030004733F /* PTSpeed.app */ = {isa = PBXFileReference; explicitFileType = wrapper.application; includeInIndex = 0; path = PTSpeed.app; sourceTree = BUILT_PRODUCTS_DIR; };
		5577E6752FD657D20004733F /* libz.tbd */ = {isa = PBXFileReference; lastKnownFileType = "sourcecode.text-based-dylib-definition"; name = libz.tbd; path = usr/lib/libz.tbd; sourceTree = SDKROOT; };
		5577E6AA2FD662C20004733F /* PTMapView.swift */ = {isa = PBXFileReference; lastKnownFileType = sourcecode.swift; path = PTMapView.swift; sourceTree = "<group>"; };
		5577E6D02FD680730004733F /* PTTripStatsView.swift */ = {isa = PBXFileReference; lastKnownFileType = sourcecode.swift; path = PTTripStatsView.swift; sourceTree = "<group>"; };
		5577E77F2FD6EEEF0004733F /* PTGForceView.swift */ = {isa = PBXFileReference; lastKnownFileType = sourcecode.swift; path = PTGForceView.swift; sourceTree = "<group>"; };
		5577E7C82FD6FC8C0004733F /* PTCrashWarningView.swift */ = {isa = PBXFileReference; lastKnownFileType = sourcecode.swift; path = PTCrashWarningView.swift; sourceTree = "<group>"; };
		5577E7CB2FD6FF890004733F /* PTLeanAngleView.swift */ = {isa = PBXFileReference; lastKnownFileType = sourcecode.swift; path = PTLeanAngleView.swift; sourceTree = "<group>"; };
		5577E7CE2FD704790004733F /* PTBumpMeterView.swift */ = {isa = PBXFileReference; lastKnownFileType = sourcecode.swift; path = PTBumpMeterView.swift; sourceTree = "<group>"; };
		5577E7D12FD704AD0004733F /* PTPitchView.swift */ = {isa = PBXFileReference; lastKnownFileType = sourcecode.swift; path = PTPitchView.swift; sourceTree = "<group>"; };
		561E4C337C3165E9409BE2DF /* Pods_CrazyDashboard.framework */ = {isa = PBXFileReference; explicitFileType = wrapper.framework; includeInIndex = 0; path = Pods_CrazyDashboard.framework; sourceTree = BUILT_PRODUCTS_DIR; };
		D09A390A369C6CD52A68264C /* Pods-CrazyDashboard.debug.xcconfig */ = {isa = PBXFileReference; includeInIndex = 1; lastKnownFileType = text.xcconfig; name = "Pods-CrazyDashboard.debug.xcconfig"; path = "Target Support Files/Pods-CrazyDashboard/Pods-CrazyDashboard.debug.xcconfig"; sourceTree = "<group>"; };
		D34B5AEEFEEEB370C9E04AED /* Pods-PTSpeed.debug.xcconfig */ = {isa = PBXFileReference; includeInIndex = 1; lastKnownFileType = text.xcconfig; name = "Pods-PTSpeed.debug.xcconfig"; path = "Target Support Files/Pods-PTSpeed/Pods-PTSpeed.debug.xcconfig"; sourceTree = "<group>"; };
		FCB0604515CAED1E21FA36B8 /* Pods-PTSpeed.release.xcconfig */ = {isa = PBXFileReference; includeInIndex = 1; lastKnownFileType = text.xcconfig; name = "Pods-PTSpeed.release.xcconfig"; path = "Target Support Files/Pods-PTSpeed/Pods-PTSpeed.release.xcconfig"; sourceTree = "<group>"; };
/* End PBXFileReference section */

/* Begin PBXFileSystemSynchronizedBuildFileExceptionSet section */
		5577E5CF2FD5C1DD0004733F /* Exceptions for "CrazyDashboard" folder in "CrazyDashboard" target */ = {
			isa = PBXFileSystemSynchronizedBuildFileExceptionSet;
			membershipExceptions = (
				Info.plist,
			);
			target = 5577E5BC2FD5C1DB0004733F /* CrazyDashboard */;
		};
		5577E6492FD657040004733F /* Exceptions for "PTSpeed" folder in "PTSpeed" target */ = {
			isa = PBXFileSystemSynchronizedBuildFileExceptionSet;
			membershipExceptions = (
				Info.plist,
			);
			target = 5577E6372FD657030004733F /* PTSpeed */;
		};
/* End PBXFileSystemSynchronizedBuildFileExceptionSet section */

/* Begin PBXFileSystemSynchronizedRootGroup section */
		5577E5BF2FD5C1DB0004733F /* CrazyDashboard */ = {
			isa = PBXFileSystemSynchronizedRootGroup;
			exceptions = (
				5577E5CF2FD5C1DD0004733F /* Exceptions for "CrazyDashboard" folder in "CrazyDashboard" target */,
			);
			path = CrazyDashboard;
			sourceTree = "<group>";
		};
		5577E6392FD657030004733F /* PTSpeed */ = {
			isa = PBXFileSystemSynchronizedRootGroup;
			exceptions = (
				5577E6492FD657040004733F /* Exceptions for "PTSpeed" folder in "PTSpeed" target */,
			);
			path = PTSpeed;
			sourceTree = "<group>";
		};
/* End PBXFileSystemSynchronizedRootGroup section */

/* Begin PBXFrameworksBuildPhase section */
		5577E5BA2FD5C1DB0004733F /* Frameworks */ = {
			isa = PBXFrameworksBuildPhase;
			buildActionMask = 2147483647;
			files = (
				611EE02BED86EDA626884233 /* Pods_CrazyDashboard.framework in Frameworks */,
			);
			runOnlyForDeploymentPostprocessing = 0;
		};
		5577E6352FD657030004733F /* Frameworks */ = {
			isa = PBXFrameworksBuildPhase;
			buildActionMask = 2147483647;
			files = (
				5A200D40EF300920887AD052 /* Pods_PTSpeed.framework in Frameworks */,
				5577E6762FD657F30004733F /* libz.tbd in Frameworks */,
			);
			runOnlyForDeploymentPostprocessing = 0;
		};
/* End PBXFrameworksBuildPhase section */

/* Begin PBXGroup section */
		5577E5B42FD5C1DB0004733F = {
			isa = PBXGroup;
			children = (
				5577E64D2FD657110004733F /* Global */,
				5577E5BF2FD5C1DB0004733F /* CrazyDashboard */,
				5577E6392FD657030004733F /* PTSpeed */,
				5577E5BE2FD5C1DB0004733F /* Products */,
				59D3A021EFE75A7BF8504B6F /* Pods */,
				C8AF0651275D1EA16545F01B /* Frameworks */,
			);
			sourceTree = "<group>";
		};
		5577E5BE2FD5C1DB0004733F /* Products */ = {
			isa = PBXGroup;
			children = (
				5577E5BD2FD5C1DB0004733F /* CrazyDashboard.app */,
				5577E6382FD657030004733F /* PTSpeed.app */,
			);
			name = Products;
			sourceTree = "<group>";
		};
		5577E64D2FD657110004733F /* Global */ = {
			isa = PBXGroup;
			children = (
				5577E6202FD656D20004733F /* PTCompassRollerView.swift */,
				5577E6212FD656D20004733F /* PTLocationEngine.swift */,
				5577E6222FD656D20004733F /* PTNowPlayingView.swift */,
				5577E6232FD656D20004733F /* PTSpeedometerView.swift */,
				5577E6AA2FD662C20004733F /* PTMapView.swift */,
				5577E6D02FD680730004733F /* PTTripStatsView.swift */,
				5577E77F2FD6EEEF0004733F /* PTGForceView.swift */,
				5577E7C82FD6FC8C0004733F /* PTCrashWarningView.swift */,
				5577E7CB2FD6FF890004733F /* PTLeanAngleView.swift */,
				5577E7CE2FD704790004733F /* PTBumpMeterView.swift */,
				5577E7D12FD704AD0004733F /* PTPitchView.swift */,
			);
			path = Global;
			sourceTree = "<group>";
		};
		59D3A021EFE75A7BF8504B6F /* Pods */ = {
			isa = PBXGroup;
			children = (
				D09A390A369C6CD52A68264C /* Pods-CrazyDashboard.debug.xcconfig */,
				2567A83A06A2B2498B880D19 /* Pods-CrazyDashboard.release.xcconfig */,
				D34B5AEEFEEEB370C9E04AED /* Pods-PTSpeed.debug.xcconfig */,
				FCB0604515CAED1E21FA36B8 /* Pods-PTSpeed.release.xcconfig */,
			);
			path = Pods;
			sourceTree = "<group>";
		};
		C8AF0651275D1EA16545F01B /* Frameworks */ = {
			isa = PBXGroup;
			children = (
				5577E6752FD657D20004733F /* libz.tbd */,
				561E4C337C3165E9409BE2DF /* Pods_CrazyDashboard.framework */,
				33464FDDE31899C7F87FB6EC /* Pods_PTSpeed.framework */,
			);
			name = Frameworks;
			sourceTree = "<group>";
		};
/* End PBXGroup section */

/* Begin PBXNativeTarget section */
		5577E5BC2FD5C1DB0004733F /* CrazyDashboard */ = {
			isa = PBXNativeTarget;
			buildConfigurationList = 5577E5D02FD5C1DD0004733F /* Build configuration list for PBXNativeTarget "CrazyDashboard" */;
			buildPhases = (
				A9C67F5C828926FC79F9FF58 /* [CP] Check Pods Manifest.lock */,
				5577E5B92FD5C1DB0004733F /* Sources */,
				5577E5BA2FD5C1DB0004733F /* Frameworks */,
				5577E5BB2FD5C1DB0004733F /* Resources */,
				0947FF4B6CC713FEAEBEACAF /* [CP] Embed Pods Frameworks */,
			);
			buildRules = (
			);
			dependencies = (
			);
			fileSystemSynchronizedGroups = (
				5577E5BF2FD5C1DB0004733F /* CrazyDashboard */,
			);
			name = CrazyDashboard;
			productName = CrazyDashboard;
			productReference = 5577E5BD2FD5C1DB0004733F /* CrazyDashboard.app */;
			productType = "com.apple.product-type.application";
		};
		5577E6372FD657030004733F /* PTSpeed */ = {
			isa = PBXNativeTarget;
			buildConfigurationList = 5577E64A2FD657040004733F /* Build configuration list for PBXNativeTarget "PTSpeed" */;
			buildPhases = (
				8D14E83BDD5EE3D329E978F3 /* [CP] Check Pods Manifest.lock */,
				5577E6342FD657030004733F /* Sources */,
				5577E6352FD657030004733F /* Frameworks */,
				5577E6362FD657030004733F /* Resources */,
				1590859D94F7EB21C7EB385C /* [CP] Embed Pods Frameworks */,
			);
			buildRules = (
			);
			dependencies = (
			);
			fileSystemSynchronizedGroups = (
				5577E6392FD657030004733F /* PTSpeed */,
			);
			name = PTSpeed;
			productName = PTSpeed;
			productReference = 5577E6382FD657030004733F /* PTSpeed.app */;
			productType = "com.apple.product-type.application";
		};
/* End PBXNativeTarget section */

/* Begin PBXProject section */
		5577E5B52FD5C1DB0004733F /* Project object */ = {
			isa = PBXProject;
			attributes = {
				BuildIndependentTargetsInParallel = 1;
				LastSwiftUpdateCheck = 2650;
				LastUpgradeCheck = 2650;
				TargetAttributes = {
					5577E5BC2FD5C1DB0004733F = {
						CreatedOnToolsVersion = 26.5;
					};
					5577E6372FD657030004733F = {
						CreatedOnToolsVersion = 26.5;
					};
				};
			};
			buildConfigurationList = 5577E5B82FD5C1DB0004733F /* Build configuration list for PBXProject "CrazyDashboard" */;
			developmentRegion = en;
			hasScannedForEncodings = 0;
			knownRegions = (
				en,
				Base,
			);
			mainGroup = 5577E5B42FD5C1DB0004733F;
			minimizedProjectReferenceProxies = 1;
			preferredProjectObjectVersion = 77;
			productRefGroup = 5577E5BE2FD5C1DB0004733F /* Products */;
			projectDirPath = "";
			projectRoot = "";
			targets = (
				5577E5BC2FD5C1DB0004733F /* CrazyDashboard */,
				5577E6372FD657030004733F /* PTSpeed */,
			);
		};
/* End PBXProject section */

/* Begin PBXResourcesBuildPhase section */
		5577E5BB2FD5C1DB0004733F /* Resources */ = {
			isa = PBXResourcesBuildPhase;
			buildActionMask = 2147483647;
			files = (
			);
			runOnlyForDeploymentPostprocessing = 0;
		};
		5577E6362FD657030004733F /* Resources */ = {
			isa = PBXResourcesBuildPhase;
			buildActionMask = 2147483647;
			files = (
			);
			runOnlyForDeploymentPostprocessing = 0;
		};
/* End PBXResourcesBuildPhase section */

/* Begin PBXShellScriptBuildPhase section */
		0947FF4B6CC713FEAEBEACAF /* [CP] Embed Pods Frameworks */ = {
			isa = PBXShellScriptBuildPhase;
			buildActionMask = 2147483647;
			files = (
			);
			inputFileListPaths = (
				"${PODS_ROOT}/Target Support Files/Pods-CrazyDashboard/Pods-CrazyDashboard-frameworks-${CONFIGURATION}-input-files.xcfilelist",
			);
			name = "[CP] Embed Pods Frameworks";
			outputFileListPaths = (
				"${PODS_ROOT}/Target Support Files/Pods-CrazyDashboard/Pods-CrazyDashboard-frameworks-${CONFIGURATION}-output-files.xcfilelist",
			);
			runOnlyForDeploymentPostprocessing = 0;
			shellPath = /bin/sh;
			shellScript = "\"${PODS_ROOT}/Target Support Files/Pods-CrazyDashboard/Pods-CrazyDashboard-frameworks.sh\"\n";
			showEnvVarsInLog = 0;
		};
		1590859D94F7EB21C7EB385C /* [CP] Embed Pods Frameworks */ = {
			isa = PBXShellScriptBuildPhase;
			buildActionMask = 2147483647;
			files = (
			);
			inputFileListPaths = (
				"${PODS_ROOT}/Target Support Files/Pods-PTSpeed/Pods-PTSpeed-frameworks-${CONFIGURATION}-input-files.xcfilelist",
			);
			name = "[CP] Embed Pods Frameworks";
			outputFileListPaths = (
				"${PODS_ROOT}/Target Support Files/Pods-PTSpeed/Pods-PTSpeed-frameworks-${CONFIGURATION}-output-files.xcfilelist",
			);
			runOnlyForDeploymentPostprocessing = 0;
			shellPath = /bin/sh;
			shellScript = "\"${PODS_ROOT}/Target Support Files/Pods-PTSpeed/Pods-PTSpeed-frameworks.sh\"\n";
			showEnvVarsInLog = 0;
		};
		8D14E83BDD5EE3D329E978F3 /* [CP] Check Pods Manifest.lock */ = {
			isa = PBXShellScriptBuildPhase;
			buildActionMask = 2147483647;
			files = (
			);
			inputFileListPaths = (
			);
			inputPaths = (
				"${PODS_PODFILE_DIR_PATH}/Podfile.lock",
				"${PODS_ROOT}/Manifest.lock",
			);
			name = "[CP] Check Pods Manifest.lock";
			outputFileListPaths = (
			);
			outputPaths = (
				"$(DERIVED_FILE_DIR)/Pods-PTSpeed-checkManifestLockResult.txt",
			);
			runOnlyForDeploymentPostprocessing = 0;
			shellPath = /bin/sh;
			shellScript = "diff \"${PODS_PODFILE_DIR_PATH}/Podfile.lock\" \"${PODS_ROOT}/Manifest.lock\" > /dev/null\nif [ $? != 0 ] ; then\n    # print error to STDERR\n    echo \"error: The sandbox is not in sync with the Podfile.lock. Run 'pod install' or update your CocoaPods installation.\" >&2\n    exit 1\nfi\n# This output is used by Xcode 'outputs' to avoid re-running this script phase.\necho \"SUCCESS\" > \"${SCRIPT_OUTPUT_FILE_0}\"\n";
			showEnvVarsInLog = 0;
		};
		A9C67F5C828926FC79F9FF58 /* [CP] Check Pods Manifest.lock */ = {
			isa = PBXShellScriptBuildPhase;
			buildActionMask = 2147483647;
			files = (
			);
			inputFileListPaths = (
			);
			inputPaths = (
				"${PODS_PODFILE_DIR_PATH}/Podfile.lock",
				"${PODS_ROOT}/Manifest.lock",
			);
			name = "[CP] Check Pods Manifest.lock";
			outputFileListPaths = (
			);
			outputPaths = (
				"$(DERIVED_FILE_DIR)/Pods-CrazyDashboard-checkManifestLockResult.txt",
			);
			runOnlyForDeploymentPostprocessing = 0;
			shellPath = /bin/sh;
			shellScript = "diff \"${PODS_PODFILE_DIR_PATH}/Podfile.lock\" \"${PODS_ROOT}/Manifest.lock\" > /dev/null\nif [ $? != 0 ] ; then\n    # print error to STDERR\n    echo \"error: The sandbox is not in sync with the Podfile.lock. Run 'pod install' or update your CocoaPods installation.\" >&2\n    exit 1\nfi\n# This output is used by Xcode 'outputs' to avoid re-running this script phase.\necho \"SUCCESS\" > \"${SCRIPT_OUTPUT_FILE_0}\"\n";
			showEnvVarsInLog = 0;
		};
/* End PBXShellScriptBuildPhase section */

/* Begin PBXSourcesBuildPhase section */
		5577E5B92FD5C1DB0004733F /* Sources */ = {
			isa = PBXSourcesBuildPhase;
			buildActionMask = 2147483647;
			files = (
				5577E62E2FD656D20004733F /* PTCompassRollerView.swift in Sources */,
				5577E62F2FD656D20004733F /* PTLocationEngine.swift in Sources */,
				5577E6302FD656D20004733F /* PTNowPlayingView.swift in Sources */,
				5577E6AB2FD662C20004733F /* PTMapView.swift in Sources */,
				5577E7D22FD704AD0004733F /* PTPitchView.swift in Sources */,
				5577E6312FD656D20004733F /* PTSpeedometerView.swift in Sources */,
				5577E6D12FD680730004733F /* PTTripStatsView.swift in Sources */,
				5577E7802FD6EEEF0004733F /* PTGForceView.swift in Sources */,
				5577E7CF2FD704790004733F /* PTBumpMeterView.swift in Sources */,
				5577E7C92FD6FC8C0004733F /* PTCrashWarningView.swift in Sources */,
				5577E7CD2FD6FF890004733F /* PTLeanAngleView.swift in Sources */,
			);
			runOnlyForDeploymentPostprocessing = 0;
		};
		5577E6342FD657030004733F /* Sources */ = {
			isa = PBXSourcesBuildPhase;
			buildActionMask = 2147483647;
			files = (
				5577E6502FD6572E0004733F /* PTNowPlayingView.swift in Sources */,
				5577E64E2FD657250004733F /* PTCompassRollerView.swift in Sources */,
				5577E7CC2FD6FF890004733F /* PTLeanAngleView.swift in Sources */,
				5577E7D32FD704AD0004733F /* PTPitchView.swift in Sources */,
				5577E6D22FD680730004733F /* PTTripStatsView.swift in Sources */,
				5577E64F2FD6572A0004733F /* PTLocationEngine.swift in Sources */,
				5577E7CA2FD6FC8C0004733F /* PTCrashWarningView.swift in Sources */,
				5577E7812FD6EEEF0004733F /* PTGForceView.swift in Sources */,
				5577E6512FD657330004733F /* PTSpeedometerView.swift in Sources */,
				5577E7D02FD704790004733F /* PTBumpMeterView.swift in Sources */,
				5577E6AC2FD662C20004733F /* PTMapView.swift in Sources */,
			);
			runOnlyForDeploymentPostprocessing = 0;
		};
/* End PBXSourcesBuildPhase section */

/* Begin XCBuildConfiguration section */
		5577E5D12FD5C1DD0004733F /* Debug */ = {
			isa = XCBuildConfiguration;
			baseConfigurationReference = D09A390A369C6CD52A68264C /* Pods-CrazyDashboard.debug.xcconfig */;
			buildSettings = {
				ASSETCATALOG_COMPILER_APPICON_NAME = AppIcon;
				ASSETCATALOG_COMPILER_GLOBAL_ACCENT_COLOR_NAME = AccentColor;
				CODE_SIGN_ENTITLEMENTS = CrazyDashboard/CrazyDashboard.entitlements;
				CODE_SIGN_STYLE = Automatic;
				CURRENT_PROJECT_VERSION = 1;
				DEVELOPMENT_TEAM = 5U99J43536;
				GENERATE_INFOPLIST_FILE = YES;
				INFOPLIST_FILE = CrazyDashboard/Info.plist;
				INFOPLIST_KEY_NSAppleMusicUsageDescription = "我要调用AM";
				INFOPLIST_KEY_NSLocationWhenInUseUsageDescription = "我要用L";
				INFOPLIST_KEY_NSMotionUsageDescription = "我要用Motion";
				INFOPLIST_KEY_UIApplicationSupportsIndirectInputEvents = YES;
				INFOPLIST_KEY_UILaunchStoryboardName = LaunchScreen;
				INFOPLIST_KEY_UIMainStoryboardFile = Main;
				INFOPLIST_KEY_UISupportedInterfaceOrientations = "UIInterfaceOrientationLandscapeLeft UIInterfaceOrientationLandscapeRight";
				INFOPLIST_KEY_UISupportedInterfaceOrientations_iPad = "UIInterfaceOrientationLandscapeLeft UIInterfaceOrientationLandscapeRight UIInterfaceOrientationPortrait UIInterfaceOrientationPortraitUpsideDown";
				IPHONEOS_DEPLOYMENT_TARGET = 15.0;
				LD_RUNPATH_SEARCH_PATHS = (
					"$(inherited)",
					"@executable_path/Frameworks",
				);
				MARKETING_VERSION = 1.0;
				PRODUCT_BUNDLE_IDENTIFIER = com.yd.CrazyDashboard;
				PRODUCT_NAME = "$(TARGET_NAME)";
				STRING_CATALOG_GENERATE_SYMBOLS = YES;
				SUPPORTED_PLATFORMS = "iphoneos iphonesimulator";
				SUPPORTS_MACCATALYST = NO;
				SUPPORTS_MAC_DESIGNED_FOR_IPHONE_IPAD = NO;
				SUPPORTS_XR_DESIGNED_FOR_IPHONE_IPAD = NO;
				SWIFT_APPROACHABLE_CONCURRENCY = YES;
				SWIFT_DEFAULT_ACTOR_ISOLATION = MainActor;
				SWIFT_EMIT_LOC_STRINGS = YES;
				SWIFT_UPCOMING_FEATURE_MEMBER_IMPORT_VISIBILITY = YES;
				SWIFT_VERSION = 5.0;
				TARGETED_DEVICE_FAMILY = 1;
			};
			name = Debug;
		};
		5577E5D22FD5C1DD0004733F /* Release */ = {
			isa = XCBuildConfiguration;
			baseConfigurationReference = 2567A83A06A2B2498B880D19 /* Pods-CrazyDashboard.release.xcconfig */;
			buildSettings = {
				ASSETCATALOG_COMPILER_APPICON_NAME = AppIcon;
				ASSETCATALOG_COMPILER_GLOBAL_ACCENT_COLOR_NAME = AccentColor;
				CODE_SIGN_ENTITLEMENTS = CrazyDashboard/CrazyDashboard.entitlements;
				CODE_SIGN_STYLE = Automatic;
				CURRENT_PROJECT_VERSION = 1;
				DEVELOPMENT_TEAM = 5U99J43536;
				GENERATE_INFOPLIST_FILE = YES;
				INFOPLIST_FILE = CrazyDashboard/Info.plist;
				INFOPLIST_KEY_NSAppleMusicUsageDescription = "我要调用AM";
				INFOPLIST_KEY_NSLocationWhenInUseUsageDescription = "我要用L";
				INFOPLIST_KEY_NSMotionUsageDescription = "我要用Motion";
				INFOPLIST_KEY_UIApplicationSupportsIndirectInputEvents = YES;
				INFOPLIST_KEY_UILaunchStoryboardName = LaunchScreen;
				INFOPLIST_KEY_UIMainStoryboardFile = Main;
				INFOPLIST_KEY_UISupportedInterfaceOrientations = "UIInterfaceOrientationLandscapeLeft UIInterfaceOrientationLandscapeRight";
				INFOPLIST_KEY_UISupportedInterfaceOrientations_iPad = "UIInterfaceOrientationLandscapeLeft UIInterfaceOrientationLandscapeRight UIInterfaceOrientationPortrait UIInterfaceOrientationPortraitUpsideDown";
				IPHONEOS_DEPLOYMENT_TARGET = 15.0;
				LD_RUNPATH_SEARCH_PATHS = (
					"$(inherited)",
					"@executable_path/Frameworks",
				);
				MARKETING_VERSION = 1.0;
				PRODUCT_BUNDLE_IDENTIFIER = com.yd.CrazyDashboard;
				PRODUCT_NAME = "$(TARGET_NAME)";
				STRING_CATALOG_GENERATE_SYMBOLS = YES;
				SUPPORTED_PLATFORMS = "iphoneos iphonesimulator";
				SUPPORTS_MACCATALYST = NO;
				SUPPORTS_MAC_DESIGNED_FOR_IPHONE_IPAD = NO;
				SUPPORTS_XR_DESIGNED_FOR_IPHONE_IPAD = NO;
				SWIFT_APPROACHABLE_CONCURRENCY = YES;
				SWIFT_DEFAULT_ACTOR_ISOLATION = MainActor;
				SWIFT_EMIT_LOC_STRINGS = YES;
				SWIFT_UPCOMING_FEATURE_MEMBER_IMPORT_VISIBILITY = YES;
				SWIFT_VERSION = 5.0;
				TARGETED_DEVICE_FAMILY = 1;
			};
			name = Release;
		};
		5577E5D32FD5C1DD0004733F /* Debug */ = {
			isa = XCBuildConfiguration;
			buildSettings = {
				ALWAYS_SEARCH_USER_PATHS = NO;
				ASSETCATALOG_COMPILER_GENERATE_SWIFT_ASSET_SYMBOL_EXTENSIONS = YES;
				CLANG_ANALYZER_NONNULL = YES;
				CLANG_ANALYZER_NUMBER_OBJECT_CONVERSION = YES_AGGRESSIVE;
				CLANG_CXX_LANGUAGE_STANDARD = "gnu++20";
				CLANG_ENABLE_MODULES = YES;
				CLANG_ENABLE_OBJC_ARC = YES;
				CLANG_ENABLE_OBJC_WEAK = YES;
				CLANG_WARN_BLOCK_CAPTURE_AUTORELEASING = YES;
				CLANG_WARN_BOOL_CONVERSION = YES;
				CLANG_WARN_COMMA = YES;
				CLANG_WARN_CONSTANT_CONVERSION = YES;
				CLANG_WARN_DEPRECATED_OBJC_IMPLEMENTATIONS = YES;
				CLANG_WARN_DIRECT_OBJC_ISA_USAGE = YES_ERROR;
				CLANG_WARN_DOCUMENTATION_COMMENTS = YES;
				CLANG_WARN_EMPTY_BODY = YES;
				CLANG_WARN_ENUM_CONVERSION = YES;
				CLANG_WARN_INFINITE_RECURSION = YES;
				CLANG_WARN_INT_CONVERSION = YES;
				CLANG_WARN_NON_LITERAL_NULL_CONVERSION = YES;
				CLANG_WARN_OBJC_IMPLICIT_RETAIN_SELF = YES;
				CLANG_WARN_OBJC_LITERAL_CONVERSION = YES;
				CLANG_WARN_OBJC_ROOT_CLASS = YES_ERROR;
				CLANG_WARN_QUOTED_INCLUDE_IN_FRAMEWORK_HEADER = YES;
				CLANG_WARN_RANGE_LOOP_ANALYSIS = YES;
				CLANG_WARN_STRICT_PROTOTYPES = YES;
				CLANG_WARN_SUSPICIOUS_MOVE = YES;
				CLANG_WARN_UNGUARDED_AVAILABILITY = YES_AGGRESSIVE;
				CLANG_WARN_UNREACHABLE_CODE = YES;
				CLANG_WARN__DUPLICATE_METHOD_MATCH = YES;
				COPY_PHASE_STRIP = NO;
				DEBUG_INFORMATION_FORMAT = dwarf;
				DEVELOPMENT_TEAM = 5U99J43536;
				ENABLE_STRICT_OBJC_MSGSEND = YES;
				ENABLE_TESTABILITY = YES;
				ENABLE_USER_SCRIPT_SANDBOXING = YES;
				GCC_C_LANGUAGE_STANDARD = gnu17;
				GCC_DYNAMIC_NO_PIC = NO;
				GCC_NO_COMMON_BLOCKS = YES;
				GCC_OPTIMIZATION_LEVEL = 0;
				GCC_PREPROCESSOR_DEFINITIONS = (
					"DEBUG=1",
					"$(inherited)",
				);
				GCC_WARN_64_TO_32_BIT_CONVERSION = YES;
				GCC_WARN_ABOUT_RETURN_TYPE = YES_ERROR;
				GCC_WARN_UNDECLARED_SELECTOR = YES;
				GCC_WARN_UNINITIALIZED_AUTOS = YES_AGGRESSIVE;
				GCC_WARN_UNUSED_FUNCTION = YES;
				GCC_WARN_UNUSED_VARIABLE = YES;
				IPHONEOS_DEPLOYMENT_TARGET = 26.5;
				LOCALIZATION_PREFERS_STRING_CATALOGS = YES;
				MTL_ENABLE_DEBUG_INFO = INCLUDE_SOURCE;
				MTL_FAST_MATH = YES;
				ONLY_ACTIVE_ARCH = YES;
				SDKROOT = iphoneos;
				STRING_CATALOG_GENERATE_SYMBOLS = YES;
				SWIFT_ACTIVE_COMPILATION_CONDITIONS = "DEBUG $(inherited)";
				SWIFT_OPTIMIZATION_LEVEL = "-Onone";
			};
			name = Debug;
		};
		5577E5D42FD5C1DD0004733F /* Release */ = {
			isa = XCBuildConfiguration;
			buildSettings = {
				ALWAYS_SEARCH_USER_PATHS = NO;
				ASSETCATALOG_COMPILER_GENERATE_SWIFT_ASSET_SYMBOL_EXTENSIONS = YES;
				CLANG_ANALYZER_NONNULL = YES;
				CLANG_ANALYZER_NUMBER_OBJECT_CONVERSION = YES_AGGRESSIVE;
				CLANG_CXX_LANGUAGE_STANDARD = "gnu++20";
				CLANG_ENABLE_MODULES = YES;
				CLANG_ENABLE_OBJC_ARC = YES;
				CLANG_ENABLE_OBJC_WEAK = YES;
				CLANG_WARN_BLOCK_CAPTURE_AUTORELEASING = YES;
				CLANG_WARN_BOOL_CONVERSION = YES;
				CLANG_WARN_COMMA = YES;
				CLANG_WARN_CONSTANT_CONVERSION = YES;
				CLANG_WARN_DEPRECATED_OBJC_IMPLEMENTATIONS = YES;
				CLANG_WARN_DIRECT_OBJC_ISA_USAGE = YES_ERROR;
				CLANG_WARN_DOCUMENTATION_COMMENTS = YES;
				CLANG_WARN_EMPTY_BODY = YES;
				CLANG_WARN_ENUM_CONVERSION = YES;
				CLANG_WARN_INFINITE_RECURSION = YES;
				CLANG_WARN_INT_CONVERSION = YES;
				CLANG_WARN_NON_LITERAL_NULL_CONVERSION = YES;
				CLANG_WARN_OBJC_IMPLICIT_RETAIN_SELF = YES;
				CLANG_WARN_OBJC_LITERAL_CONVERSION = YES;
				CLANG_WARN_OBJC_ROOT_CLASS = YES_ERROR;
				CLANG_WARN_QUOTED_INCLUDE_IN_FRAMEWORK_HEADER = YES;
				CLANG_WARN_RANGE_LOOP_ANALYSIS = YES;
				CLANG_WARN_STRICT_PROTOTYPES = YES;
				CLANG_WARN_SUSPICIOUS_MOVE = YES;
				CLANG_WARN_UNGUARDED_AVAILABILITY = YES_AGGRESSIVE;
				CLANG_WARN_UNREACHABLE_CODE = YES;
				CLANG_WARN__DUPLICATE_METHOD_MATCH = YES;
				COPY_PHASE_STRIP = NO;
				DEBUG_INFORMATION_FORMAT = "dwarf-with-dsym";
				DEVELOPMENT_TEAM = 5U99J43536;
				ENABLE_NS_ASSERTIONS = NO;
				ENABLE_STRICT_OBJC_MSGSEND = YES;
				ENABLE_USER_SCRIPT_SANDBOXING = YES;
				GCC_C_LANGUAGE_STANDARD = gnu17;
				GCC_NO_COMMON_BLOCKS = YES;
				GCC_WARN_64_TO_32_BIT_CONVERSION = YES;
				GCC_WARN_ABOUT_RETURN_TYPE = YES_ERROR;
				GCC_WARN_UNDECLARED_SELECTOR = YES;
				GCC_WARN_UNINITIALIZED_AUTOS = YES_AGGRESSIVE;
				GCC_WARN_UNUSED_FUNCTION = YES;
				GCC_WARN_UNUSED_VARIABLE = YES;
				IPHONEOS_DEPLOYMENT_TARGET = 26.5;
				LOCALIZATION_PREFERS_STRING_CATALOGS = YES;
				MTL_ENABLE_DEBUG_INFO = NO;
				MTL_FAST_MATH = YES;
				SDKROOT = iphoneos;
				STRING_CATALOG_GENERATE_SYMBOLS = YES;
				SWIFT_COMPILATION_MODE = wholemodule;
				VALIDATE_PRODUCT = YES;
			};
			name = Release;
		};
		5577E64B2FD657040004733F /* Debug */ = {
			isa = XCBuildConfiguration;
			baseConfigurationReference = D34B5AEEFEEEB370C9E04AED /* Pods-PTSpeed.debug.xcconfig */;
			buildSettings = {
				ASSETCATALOG_COMPILER_APPICON_NAME = AppIcon;
				ASSETCATALOG_COMPILER_GLOBAL_ACCENT_COLOR_NAME = AccentColor;
				CODE_SIGN_STYLE = Automatic;
				CURRENT_PROJECT_VERSION = 1;
				DEVELOPMENT_TEAM = 5U99J43536;
				GENERATE_INFOPLIST_FILE = YES;
				INFOPLIST_FILE = PTSpeed/Info.plist;
				INFOPLIST_KEY_NSAppleMusicUsageDescription = "我要用AM";
				INFOPLIST_KEY_NSLocationWhenInUseUsageDescription = "我要用L";
				INFOPLIST_KEY_NSMotionUsageDescription = "我要用Motion";
				INFOPLIST_KEY_UIApplicationSupportsIndirectInputEvents = YES;
				INFOPLIST_KEY_UILaunchStoryboardName = LaunchScreen;
				INFOPLIST_KEY_UIMainStoryboardFile = Main;
				INFOPLIST_KEY_UISupportedInterfaceOrientations = "UIInterfaceOrientationLandscapeLeft UIInterfaceOrientationLandscapeRight";
				INFOPLIST_KEY_UISupportedInterfaceOrientations_iPad = "UIInterfaceOrientationLandscapeLeft UIInterfaceOrientationLandscapeRight UIInterfaceOrientationPortrait UIInterfaceOrientationPortraitUpsideDown";
				IPHONEOS_DEPLOYMENT_TARGET = 16.0;
				LD_RUNPATH_SEARCH_PATHS = (
					"$(inherited)",
					"@executable_path/Frameworks",
				);
				MARKETING_VERSION = 1.0;
				OTHER_LDFLAGS = (
					"$(inherited)",
					"-all_load",
					"-ObjC",
					"-l\"c++\"",
					"-l\"swiftCoreGraphics\"",
					"-l\"z\"",
					"-framework",
					"\"AVFoundation\"",
					"-framework",
					"\"AVKit\"",
					"-framework",
					"\"Accelerate\"",
					"-framework",
					"\"Alamofire\"",
					"-framework",
					"\"AttributedString\"",
					"-framework",
					"\"AudioToolbox\"",
					"-framework",
					"\"Bugly\"",
					"-framework",
					"\"CFNetwork\"",
					"-framework",
					"\"CocoaLumberjack\"",
					"-framework",
					"\"Combine\"",
					"-framework",
					"\"CoreFoundation\"",
					"-framework",
					"\"CoreGraphics\"",
					"-framework",
					"\"CoreMotion\"",
					"-framework",
					"\"CoreText\"",
					"-framework",
					"\"DeviceKit\"",
					"-framework",
					"\"FlagKit\"",
					"-framework",
					"\"Foundation\"",
					"-framework",
					"\"IQKeyboardCore\"",
					"-framework",
					"\"IQKeyboardManagerSwift\"",
					"-framework",
					"\"IQKeyboardNotification\"",
					"-framework",
					"\"IQKeyboardReturnManager\"",
					"-framework",
					"\"IQKeyboardToolbar\"",
					"-framework",
					"\"IQKeyboardToolbarManager\"",
					"-framework",
					"\"IQTextInputViewNotification\"",
					"-framework",
					"\"IQTextView\"",
					"-framework",
					"\"KakaJSON\"",
					"-framework",
					"\"Kingfisher\"",
					"-framework",
					"\"LookinServer\"",
					"-framework",
					"\"Lottie\"",
					"-framework",
					"\"Photos\"",
					"-framework",
					"\"PooTools\"",
					"-framework",
					"\"QuartzCore\"",
					"-framework",
					"\"SafeSFSymbols\"",
					"-framework",
					"\"Security\"",
					"-framework",
					"\"SmartCodable\"",
					"-framework",
					"\"SnapKit\"",
					"-framework",
					"\"SwiftDate\"",
					"-framework",
					"\"SwifterSwift\"",
					"-framework",
					"\"SwiftyUserDefaults\"",
					"-framework",
					"\"SystemConfiguration\"",
					"-framework",
					"\"UIKit\"",
					"-framework",
					"\"pop\"",
					"-weak_framework",
					"\"Combine\"",
					"-weak_framework",
					"\"SwiftUI\"",
				);
				PRODUCT_BUNDLE_IDENTIFIER = com.yd.PTSpeed;
				PRODUCT_NAME = "$(TARGET_NAME)";
				STRING_CATALOG_GENERATE_SYMBOLS = YES;
				SUPPORTED_PLATFORMS = "iphoneos iphonesimulator";
				SUPPORTS_MACCATALYST = NO;
				SUPPORTS_MAC_DESIGNED_FOR_IPHONE_IPAD = NO;
				SUPPORTS_XR_DESIGNED_FOR_IPHONE_IPAD = NO;
				SWIFT_APPROACHABLE_CONCURRENCY = YES;
				SWIFT_DEFAULT_ACTOR_ISOLATION = MainActor;
				SWIFT_EMIT_LOC_STRINGS = YES;
				SWIFT_UPCOMING_FEATURE_MEMBER_IMPORT_VISIBILITY = YES;
				SWIFT_VERSION = 5.0;
				TARGETED_DEVICE_FAMILY = 1;
			};
			name = Debug;
		};
		5577E64C2FD657040004733F /* Release */ = {
			isa = XCBuildConfiguration;
			baseConfigurationReference = FCB0604515CAED1E21FA36B8 /* Pods-PTSpeed.release.xcconfig */;
			buildSettings = {
				ASSETCATALOG_COMPILER_APPICON_NAME = AppIcon;
				ASSETCATALOG_COMPILER_GLOBAL_ACCENT_COLOR_NAME = AccentColor;
				CODE_SIGN_STYLE = Automatic;
				CURRENT_PROJECT_VERSION = 1;
				DEVELOPMENT_TEAM = 5U99J43536;
				GENERATE_INFOPLIST_FILE = YES;
				INFOPLIST_FILE = PTSpeed/Info.plist;
				INFOPLIST_KEY_NSAppleMusicUsageDescription = "我要用AM";
				INFOPLIST_KEY_NSLocationWhenInUseUsageDescription = "我要用L";
				INFOPLIST_KEY_NSMotionUsageDescription = "我要用Motion";
				INFOPLIST_KEY_UIApplicationSupportsIndirectInputEvents = YES;
				INFOPLIST_KEY_UILaunchStoryboardName = LaunchScreen;
				INFOPLIST_KEY_UIMainStoryboardFile = Main;
				INFOPLIST_KEY_UISupportedInterfaceOrientations = "UIInterfaceOrientationLandscapeLeft UIInterfaceOrientationLandscapeRight";
				INFOPLIST_KEY_UISupportedInterfaceOrientations_iPad = "UIInterfaceOrientationLandscapeLeft UIInterfaceOrientationLandscapeRight UIInterfaceOrientationPortrait UIInterfaceOrientationPortraitUpsideDown";
				IPHONEOS_DEPLOYMENT_TARGET = 16.0;
				LD_RUNPATH_SEARCH_PATHS = (
					"$(inherited)",
					"@executable_path/Frameworks",
				);
				MARKETING_VERSION = 1.0;
				OTHER_LDFLAGS = (
					"$(inherited)",
					"-all_load",
					"-ObjC",
					"-l\"c++\"",
					"-l\"swiftCoreGraphics\"",
					"-l\"z\"",
					"-framework",
					"\"AVFoundation\"",
					"-framework",
					"\"AVKit\"",
					"-framework",
					"\"Accelerate\"",
					"-framework",
					"\"Alamofire\"",
					"-framework",
					"\"AttributedString\"",
					"-framework",
					"\"AudioToolbox\"",
					"-framework",
					"\"Bugly\"",
					"-framework",
					"\"CFNetwork\"",
					"-framework",
					"\"CocoaLumberjack\"",
					"-framework",
					"\"Combine\"",
					"-framework",
					"\"CoreFoundation\"",
					"-framework",
					"\"CoreGraphics\"",
					"-framework",
					"\"CoreMotion\"",
					"-framework",
					"\"CoreText\"",
					"-framework",
					"\"DeviceKit\"",
					"-framework",
					"\"FlagKit\"",
					"-framework",
					"\"Foundation\"",
					"-framework",
					"\"IQKeyboardCore\"",
					"-framework",
					"\"IQKeyboardManagerSwift\"",
					"-framework",
					"\"IQKeyboardNotification\"",
					"-framework",
					"\"IQKeyboardReturnManager\"",
					"-framework",
					"\"IQKeyboardToolbar\"",
					"-framework",
					"\"IQKeyboardToolbarManager\"",
					"-framework",
					"\"IQTextInputViewNotification\"",
					"-framework",
					"\"IQTextView\"",
					"-framework",
					"\"KakaJSON\"",
					"-framework",
					"\"Kingfisher\"",
					"-framework",
					"\"Lottie\"",
					"-framework",
					"\"Photos\"",
					"-framework",
					"\"PooTools\"",
					"-framework",
					"\"QuartzCore\"",
					"-framework",
					"\"SafeSFSymbols\"",
					"-framework",
					"\"Security\"",
					"-framework",
					"\"SmartCodable\"",
					"-framework",
					"\"SnapKit\"",
					"-framework",
					"\"SwiftDate\"",
					"-framework",
					"\"SwifterSwift\"",
					"-framework",
					"\"SwiftyUserDefaults\"",
					"-framework",
					"\"SystemConfiguration\"",
					"-framework",
					"\"UIKit\"",
					"-framework",
					"\"pop\"",
					"-weak_framework",
					"\"Combine\"",
					"-weak_framework",
					"\"SwiftUI\"",
				);
				PRODUCT_BUNDLE_IDENTIFIER = com.yd.PTSpeed;
				PRODUCT_NAME = "$(TARGET_NAME)";
				STRING_CATALOG_GENERATE_SYMBOLS = YES;
				SUPPORTED_PLATFORMS = "iphoneos iphonesimulator";
				SUPPORTS_MACCATALYST = NO;
				SUPPORTS_MAC_DESIGNED_FOR_IPHONE_IPAD = NO;
				SUPPORTS_XR_DESIGNED_FOR_IPHONE_IPAD = NO;
				SWIFT_APPROACHABLE_CONCURRENCY = YES;
				SWIFT_DEFAULT_ACTOR_ISOLATION = MainActor;
				SWIFT_EMIT_LOC_STRINGS = YES;
				SWIFT_UPCOMING_FEATURE_MEMBER_IMPORT_VISIBILITY = YES;
				SWIFT_VERSION = 5.0;
				TARGETED_DEVICE_FAMILY = 1;
			};
			name = Release;
		};
/* End XCBuildConfiguration section */

/* Begin XCConfigurationList section */
		5577E5B82FD5C1DB0004733F /* Build configuration list for PBXProject "CrazyDashboard" */ = {
			isa = XCConfigurationList;
			buildConfigurations = (
				5577E5D32FD5C1DD0004733F /* Debug */,
				5577E5D42FD5C1DD0004733F /* Release */,
			);
			defaultConfigurationIsVisible = 0;
			defaultConfigurationName = Release;
		};
		5577E5D02FD5C1DD0004733F /* Build configuration list for PBXNativeTarget "CrazyDashboard" */ = {
			isa = XCConfigurationList;
			buildConfigurations = (
				5577E5D12FD5C1DD0004733F /* Debug */,
				5577E5D22FD5C1DD0004733F /* Release */,
			);
			defaultConfigurationIsVisible = 0;
			defaultConfigurationName = Release;
		};
		5577E64A2FD657040004733F /* Build configuration list for PBXNativeTarget "PTSpeed" */ = {
			isa = XCConfigurationList;
			buildConfigurations = (
				5577E64B2FD657040004733F /* Debug */,
				5577E64C2FD657040004733F /* Release */,
			);
			defaultConfigurationIsVisible = 0;
			defaultConfigurationName = Release;
		};
/* End XCConfigurationList section */
	};
	rootObject = 5577E5B52FD5C1DB0004733F /* Project object */;
}
