// !$*UTF8*$!
{
	archiveVersion = 1;
	classes = {
	};
	objectVersion = 77;
	objects = {

/* Begin PBXBuildFile section */
		5512F332302B7F26001AFED4 /* PTOBDCommand.swift in Sources */ = {isa = PBXBuildFile; fileRef = 5512F331302B7F26001AFED4 /* PTOBDCommand.swift */; };
		5512F399302C4CAC001AFED4 /* PTDashboardHacker.swift in Sources */ = {isa = PBXBuildFile; fileRef = 5512F398302C4CAC001AFED4 /* PTDashboardHacker.swift */; };
		5512F3DE302C8CA7001AFED4 /* PTBLELogger.swift in Sources */ = {isa = PBXBuildFile; fileRef = 5512F3DD302C8CA7001AFED4 /* PTBLELogger.swift */; };
		554110DB301E65AB0059BFCF /* PTLiDARCollisionManager.swift in Sources */ = {isa = PBXBuildFile; fileRef = 554110DA301E65AB0059BFCF /* PTLiDARCollisionManager.swift */; };
		5541111F301F2B630059BFCF /* PTStatusItemView.swift in Sources */ = {isa = PBXBuildFile; fileRef = 5541111E301F2B630059BFCF /* PTStatusItemView.swift */; };
		554112933021DC830059BFCF /* GlobalAssets.xcassets in Resources */ = {isa = PBXBuildFile; fileRef = 55F503AA300FBDCE00C5D085 /* GlobalAssets.xcassets */; };
		55499CF73019B7DD00A1A2D9 /* PTGlobalMapManager.swift in Sources */ = {isa = PBXBuildFile; fileRef = 55499CF63019B7DD00A1A2D9 /* PTGlobalMapManager.swift */; };
		55499CFA3019D83800A1A2D9 /* PTDashboardBaseView.swift in Sources */ = {isa = PBXBuildFile; fileRef = 55499CF93019D83800A1A2D9 /* PTDashboardBaseView.swift */; };
		55499CFE3019EA0500A1A2D9 /* PTMotoDashBoardNavFunction.swift in Sources */ = {isa = PBXBuildFile; fileRef = 55499CFC3019EA0500A1A2D9 /* PTMotoDashBoardNavFunction.swift */; };
		55499DFF301AFA2300A1A2D9 /* PTLiveActivityManager.swift in Sources */ = {isa = PBXBuildFile; fileRef = 55499DFD301AFA2300A1A2D9 /* PTLiveActivityManager.swift */; };
		55499E03301AFC2200A1A2D9 /* PTWidgetManager.swift in Sources */ = {isa = PBXBuildFile; fileRef = 55499E01301AFC2200A1A2D9 /* PTWidgetManager.swift */; };
		55499E0A301AFCE800A1A2D9 /* WidgetKit.framework in Frameworks */ = {isa = PBXBuildFile; fileRef = 55499E09301AFCE800A1A2D9 /* WidgetKit.framework */; };
		55499E0C301AFCE800A1A2D9 /* SwiftUI.framework in Frameworks */ = {isa = PBXBuildFile; fileRef = 55499E0B301AFCE800A1A2D9 /* SwiftUI.framework */; };
		55499E17301AFCEA00A1A2D9 /* xp400WidgetExtension.appex in Embed Foundation Extensions */ = {isa = PBXBuildFile; fileRef = 55499E08301AFCE800A1A2D9 /* xp400WidgetExtension.appex */; settings = {ATTRIBUTES = (RemoveHeadersOnCopy, ); }; };
		55499E1D301B14DD00A1A2D9 /* PTLiveActivityManager.swift in Sources */ = {isa = PBXBuildFile; fileRef = 55499DFD301AFA2300A1A2D9 /* PTLiveActivityManager.swift */; };
		55499E1F301B1F4F00A1A2D9 /* PTWeatherOverlayView.swift in Sources */ = {isa = PBXBuildFile; fileRef = 55499E1E301B1F4F00A1A2D9 /* PTWeatherOverlayView.swift */; };
		55499E24301B204A00A1A2D9 /* PTWeatherManager.swift in Sources */ = {isa = PBXBuildFile; fileRef = 55499E23301B204A00A1A2D9 /* PTWeatherManager.swift */; };
		55499E29301B2BBB00A1A2D9 /* PTLocalIntercomManager.swift in Sources */ = {isa = PBXBuildFile; fileRef = 55499E28301B2BBB00A1A2D9 /* PTLocalIntercomManager.swift */; };
		55499E2C301B2C8800A1A2D9 /* PTPTTViewController.swift in Sources */ = {isa = PBXBuildFile; fileRef = 55499E2B301B2C8800A1A2D9 /* PTPTTViewController.swift */; };
		555C0FF9300E06630079D94F /* PTGlobalActionHeader.swift in Sources */ = {isa = PBXBuildFile; fileRef = 555C0FF8300E06630079D94F /* PTGlobalActionHeader.swift */; };
		555DC849303820E6002B003B /* xp400watch Watch App.app in Embed Watch Content */ = {isa = PBXBuildFile; fileRef = 555DC83F303820E3002B003B /* xp400watch Watch App.app */; settings = {ATTRIBUTES = (RemoveHeadersOnCopy, ); }; };
		5577E64F2FD6572A0004733F /* PTLocationEngine.swift in Sources */ = {isa = PBXBuildFile; fileRef = 5577E6212FD656D20004733F /* PTLocationEngine.swift */; };
		5577E6762FD657F30004733F /* libz.tbd in Frameworks */ = {isa = PBXBuildFile; fileRef = 5577E6752FD657D20004733F /* libz.tbd */; };
		5577E6AC2FD662C20004733F /* PTMapView.swift in Sources */ = {isa = PBXBuildFile; fileRef = 5577E6AA2FD662C20004733F /* PTMapView.swift */; };
		5577E6D22FD680730004733F /* PTTripStatsView.swift in Sources */ = {isa = PBXBuildFile; fileRef = 5577E6D02FD680730004733F /* PTTripStatsView.swift */; };
		557D0044302EA1BD008BA492 /* PTBumpMeterView.swift in Sources */ = {isa = PBXBuildFile; fileRef = 557D0038302EA1BD008BA492 /* PTBumpMeterView.swift */; };
		557D0045302EA1BD008BA492 /* PTCompassRollerView.swift in Sources */ = {isa = PBXBuildFile; fileRef = 557D0039302EA1BD008BA492 /* PTCompassRollerView.swift */; };
		557D0046302EA1BD008BA492 /* PTCrashWarningView.swift in Sources */ = {isa = PBXBuildFile; fileRef = 557D003A302EA1BD008BA492 /* PTCrashWarningView.swift */; };
		557D0047302EA1BD008BA492 /* PTDashBoardBaseBoardViewController.swift in Sources */ = {isa = PBXBuildFile; fileRef = 557D003B302EA1BD008BA492 /* PTDashBoardBaseBoardViewController.swift */; };
		557D0048302EA1BD008BA492 /* PTDashBoardView.swift in Sources */ = {isa = PBXBuildFile; fileRef = 557D003C302EA1BD008BA492 /* PTDashBoardView.swift */; };
		557D0049302EA1BD008BA492 /* PTGForceView.swift in Sources */ = {isa = PBXBuildFile; fileRef = 557D003D302EA1BD008BA492 /* PTGForceView.swift */; };
		557D004A302EA1BD008BA492 /* PTIndicatorPanel.swift in Sources */ = {isa = PBXBuildFile; fileRef = 557D003E302EA1BD008BA492 /* PTIndicatorPanel.swift */; };
		557D004B302EA1BD008BA492 /* PTLeanAngleView.swift in Sources */ = {isa = PBXBuildFile; fileRef = 557D003F302EA1BD008BA492 /* PTLeanAngleView.swift */; };
		557D004C302EA1BD008BA492 /* PTNowPlayingView.swift in Sources */ = {isa = PBXBuildFile; fileRef = 557D0040302EA1BD008BA492 /* PTNowPlayingView.swift */; };
		557D004D302EA1BD008BA492 /* PTPitchView.swift in Sources */ = {isa = PBXBuildFile; fileRef = 557D0041302EA1BD008BA492 /* PTPitchView.swift */; };
		557D004E302EA1BD008BA492 /* PTSpeedometerView.swift in Sources */ = {isa = PBXBuildFile; fileRef = 557D0042302EA1BD008BA492 /* PTSpeedometerView.swift */; };
		557D0051302EA1E3008BA492 /* PTArcGaugeView.swift in Sources */ = {isa = PBXBuildFile; fileRef = 557D0050302EA1E3008BA492 /* PTArcGaugeView.swift */; };
		557D0054302ECDAE008BA492 /* PTPeugeotDashBoardViewController.swift in Sources */ = {isa = PBXBuildFile; fileRef = 557D0053302ECDAE008BA492 /* PTPeugeotDashBoardViewController.swift */; };
		557D0056302ED2A9008BA492 /* PTPeugeotLEDDashBoard.swift in Sources */ = {isa = PBXBuildFile; fileRef = 557D0055302ED2A9008BA492 /* PTPeugeotLEDDashBoard.swift */; };
		557D0058302EF46D008BA492 /* PTPeugeotDashBoardNavView.swift in Sources */ = {isa = PBXBuildFile; fileRef = 557D0057302EF46D008BA492 /* PTPeugeotDashBoardNavView.swift */; };
		557D027A30335603008BA492 /* PTCANRecorder.swift in Sources */ = {isa = PBXBuildFile; fileRef = 557D027930335603008BA492 /* PTCANRecorder.swift */; };
		558789E4302420CB00B94E91 /* PTCarplayMainController.swift in Sources */ = {isa = PBXBuildFile; fileRef = 558789E3302420CB00B94E91 /* PTCarplayMainController.swift */; };
		558789E630242B9400B94E91 /* PTCarPlayContainerViewController.swift in Sources */ = {isa = PBXBuildFile; fileRef = 558789E530242B9400B94E91 /* PTCarPlayContainerViewController.swift */; };
		55901837300FE37100A77571 /* PTMotoBaseViewController.swift in Sources */ = {isa = PBXBuildFile; fileRef = 55901836300FE37100A77571 /* PTMotoBaseViewController.swift */; };
		5590187230107A1C00A77571 /* PTRoutePlantCell.swift in Sources */ = {isa = PBXBuildFile; fileRef = 5590187130107A1C00A77571 /* PTRoutePlantCell.swift */; };
		55986640301138A30049684D /* PTTripManager.swift in Sources */ = {isa = PBXBuildFile; fileRef = 5598663E301138A30049684D /* PTTripManager.swift */; };
		55986642301141090049684D /* PTAntiTheftManager.swift in Sources */ = {isa = PBXBuildFile; fileRef = 55986641301141090049684D /* PTAntiTheftManager.swift */; };
		55986676301144060049684D /* PTMaintenanceManager.swift in Sources */ = {isa = PBXBuildFile; fileRef = 55986674301144060049684D /* PTMaintenanceManager.swift */; };
		55986679301144840049684D /* PTGPXRecorder.swift in Sources */ = {isa = PBXBuildFile; fileRef = 55986677301144840049684D /* PTGPXRecorder.swift */; };
		5598667C301147FD0049684D /* PTCustomRouteManager.swift in Sources */ = {isa = PBXBuildFile; fileRef = 5598667A301147FD0049684D /* PTCustomRouteManager.swift */; };
		5598667E301148290049684D /* PTDiagnosticManager.swift in Sources */ = {isa = PBXBuildFile; fileRef = 5598667D301148290049684D /* PTDiagnosticManager.swift */; };
		5598668230114A980049684D /* PTFuelRoutingManager.swift in Sources */ = {isa = PBXBuildFile; fileRef = 5598668030114A980049684D /* PTFuelRoutingManager.swift */; };
		5598668430114DF00049684D /* PTRoutingManager.swift in Sources */ = {isa = PBXBuildFile; fileRef = 5598668330114DF00049684D /* PTRoutingManager.swift */; };
		55986687301150900049684D /* PTECUSnifferOverlay.swift in Sources */ = {isa = PBXBuildFile; fileRef = 55986686301150900049684D /* PTECUSnifferOverlay.swift */; };
		559866C23011A71E0049684D /* SpeechSynthesizer.swift in Sources */ = {isa = PBXBuildFile; fileRef = 559866C13011A71E0049684D /* SpeechSynthesizer.swift */; };
		5598676E3011C9720049684D /* Settings.bundle in Resources */ = {isa = PBXBuildFile; fileRef = 5598676C3011C9720049684D /* Settings.bundle */; };
		55986834301330E00049684D /* PTDataCollectedViewController.swift in Sources */ = {isa = PBXBuildFile; fileRef = 55986832301330E00049684D /* PTDataCollectedViewController.swift */; };
		55986836301337DC0049684D /* PTTripDataCell.swift in Sources */ = {isa = PBXBuildFile; fileRef = 55986835301337DC0049684D /* PTTripDataCell.swift */; };
		5598683A301348FC0049684D /* PTNotificationCenter.swift in Sources */ = {isa = PBXBuildFile; fileRef = 55986838301348FC0049684D /* PTNotificationCenter.swift */; };
		55986BAE30179D500049684D /* PTNativeTelemetryChartView.swift in Sources */ = {isa = PBXBuildFile; fileRef = 55986BAC30179D500049684D /* PTNativeTelemetryChartView.swift */; };
		55CA9DF5302452AA00A3A677 /* PTOBDDataView.swift in Sources */ = {isa = PBXBuildFile; fileRef = 55CA9DF4302452AA00A3A677 /* PTOBDDataView.swift */; };
		55CA9E193024582300A3A677 /* PTOBDDataViewControllerCollection.swift in Sources */ = {isa = PBXBuildFile; fileRef = 55CA9E183024582300A3A677 /* PTOBDDataViewControllerCollection.swift */; };
		55E61692301B45B50075F883 /* QWeatherSDK in Frameworks */ = {isa = PBXBuildFile; productRef = 55E61691301B45B50075F883 /* QWeatherSDK */; };
		55F1E2F23026D2020032EAD5 /* PTHiddenOBDConnector.swift in Sources */ = {isa = PBXBuildFile; fileRef = 55F1E2F13026D2020032EAD5 /* PTHiddenOBDConnector.swift */; };
		55F1E2F53026D2020032EAD5 /* PTUDSDiagnosticService.swift in Sources */ = {isa = PBXBuildFile; fileRef = 55F1E2F43026D2020032EAD5 /* PTUDSDiagnosticService.swift */; };
		55F503AC300FBDCE00C5D085 /* GlobalAssets.xcassets in Resources */ = {isa = PBXBuildFile; fileRef = 55F503AA300FBDCE00C5D085 /* GlobalAssets.xcassets */; };
		55F503B7300FC9AA00C5D085 /* PTLanguageModel.swift in Sources */ = {isa = PBXBuildFile; fileRef = 55F503B6300FC9AA00C5D085 /* PTLanguageModel.swift */; };
		55F503BB300FCA3100C5D085 /* PTMotoUserDefaultStruct.swift in Sources */ = {isa = PBXBuildFile; fileRef = 55F503BA300FCA3100C5D085 /* PTMotoUserDefaultStruct.swift */; };
		55F52C4D303D4025007527C2 /* Assets.xcassets in Resources */ = {isa = PBXBuildFile; fileRef = 55F52C3C303D4025007527C2 /* Assets.xcassets */; };
		55F52C4F303D4025007527C2 /* LaunchScreen.storyboard in Resources */ = {isa = PBXBuildFile; fileRef = 55F52C42303D4025007527C2 /* LaunchScreen.storyboard */; };
		55F52C50303D4025007527C2 /* Main.storyboard in Resources */ = {isa = PBXBuildFile; fileRef = 55F52C47303D4025007527C2 /* Main.storyboard */; };
		55F52C51303D4025007527C2 /* AppDelegate.swift in Sources */ = {isa = PBXBuildFile; fileRef = 55F52C3B303D4025007527C2 /* AppDelegate.swift */; };
		55F52C52303D4025007527C2 /* PTCarPlaySceneDelegate.swift in Sources */ = {isa = PBXBuildFile; fileRef = 55F52C48303D4025007527C2 /* PTCarPlaySceneDelegate.swift */; };
		55F52C53303D4025007527C2 /* SceneDelegate.swift in Sources */ = {isa = PBXBuildFile; fileRef = 55F52C4A303D4025007527C2 /* SceneDelegate.swift */; };
		55F52C54303D4025007527C2 /* ViewController.swift in Sources */ = {isa = PBXBuildFile; fileRef = 55F52C4B303D4025007527C2 /* ViewController.swift */; };
		55F52C55303D4025007527C2 /* PTRideReviewAnalyzer.swift in Sources */ = {isa = PBXBuildFile; fileRef = 55F52C56303D4025007527C2 /* PTRideReviewAnalyzer.swift */; };
		55F52C5B303D4025007527C2 /* PrivacyInfo.xcprivacy in Resources */ = {isa = PBXBuildFile; fileRef = 55F52C5C303D4025007527C2 /* PrivacyInfo.xcprivacy */; };
		55F52C5E303D4025007527C2 /* PTCoreTests.swift in Sources */ = {isa = PBXBuildFile; fileRef = 55F52C5D303D4025007527C2 /* PTCoreTests.swift */; };
		55F52C61303D4025007527C2 /* XCTest.framework in Frameworks */ = {isa = PBXBuildFile; fileRef = 55F52C60303D4025007527C2 /* XCTest.framework */; };
		55F52C70303D4025007527C2 /* PTOBDiagnosticAddress.swift in Sources */ = {isa = PBXBuildFile; fileRef = 55F52C71303D4025007527C2 /* PTOBDiagnosticAddress.swift */; };
		55FDBCA93010CD6E00EE7FA5 /* PTMOTOParkingManager.swift in Sources */ = {isa = PBXBuildFile; fileRef = 55FDBCA73010CD6E00EE7FA5 /* PTMOTOParkingManager.swift */; };
		55FDBCAC3010D6C200EE7FA5 /* PTMOTOParkingAnotationView.swift in Sources */ = {isa = PBXBuildFile; fileRef = 55FDBCAA3010D6C200EE7FA5 /* PTMOTOParkingAnotationView.swift */; };
		55FE295C300CA4E8000E741F /* PTBluetoothManager.swift in Sources */ = {isa = PBXBuildFile; fileRef = 55FE295A300CA4E8000E741F /* PTBluetoothManager.swift */; };
		55FE2966300CA5E0000E741F /* PTDashboardConfig.swift in Sources */ = {isa = PBXBuildFile; fileRef = 55FE2965300CA5E0000E741F /* PTDashboardConfig.swift */; };
		55FE2995300CBCB4000E741F /* PTMotoBaseTabbarController.swift in Sources */ = {isa = PBXBuildFile; fileRef = 55FE2994300CBCB4000E741F /* PTMotoBaseTabbarController.swift */; };
		55FE29A1300CC1F1000E741F /* PTMotoInfoViewController.swift in Sources */ = {isa = PBXBuildFile; fileRef = 55FE299F300CC1F1000E741F /* PTMotoInfoViewController.swift */; };
		55FE29A3300CC258000E741F /* PTMotoNavigationViewController.swift in Sources */ = {isa = PBXBuildFile; fileRef = 55FE29A2300CC258000E741F /* PTMotoNavigationViewController.swift */; };
		55FE29A6300CC2E2000E741F /* PTMotoSettingViewController.swift in Sources */ = {isa = PBXBuildFile; fileRef = 55FE29A5300CC2E2000E741F /* PTMotoSettingViewController.swift */; };
		55FE2A0B300CE2B0000E741F /* PTMapKitNavigationHelper.swift in Sources */ = {isa = PBXBuildFile; fileRef = 55FE2A09300CE2B0000E741F /* PTMapKitNavigationHelper.swift */; };
		55FE2A5E300DF42A000E741F /* PTBLEConnectViewController.swift in Sources */ = {isa = PBXBuildFile; fileRef = 55FE2A5C300DF42A000E741F /* PTBLEConnectViewController.swift */; };
		55FE2A6F300DF836000E741F /* Localizable.strings in Resources */ = {isa = PBXBuildFile; fileRef = 55FE2A6D300DF836000E741F /* Localizable.strings */; };
		55FE2A77300DF95C000E741F /* PTMainProgressView.swift in Sources */ = {isa = PBXBuildFile; fileRef = 55FE2A76300DF95C000E741F /* PTMainProgressView.swift */; };
		5A200D40EF300920887AD052 /* Pods_PTSpeed.framework in Frameworks */ = {isa = PBXBuildFile; fileRef = 33464FDDE31899C7F87FB6EC /* Pods_PTSpeed.framework */; };
		600000010000000000000020 /* PTWidgetSharedStatus.swift in Sources */ = {isa = PBXBuildFile; fileRef = 600000020000000000000020 /* PTWidgetSharedStatus.swift */; };
		600000010000000000000021 /* PTWidgetSharedStatus.swift in Sources */ = {isa = PBXBuildFile; fileRef = 600000020000000000000020 /* PTWidgetSharedStatus.swift */; };
		600000010000000000000022 /* PTWidgetSharedStatus.swift in Sources */ = {isa = PBXBuildFile; fileRef = 600000020000000000000020 /* PTWidgetSharedStatus.swift */; };
		600000010000000000000023 /* PTWatchConnectivityManager.swift in Sources */ = {isa = PBXBuildFile; fileRef = 600000020000000000000021 /* PTWatchConnectivityManager.swift */; };
		600000010000000000000024 /* WatchConnectivity.framework in Frameworks */ = {isa = PBXBuildFile; fileRef = 600000020000000000000022 /* WatchConnectivity.framework */; };
		600000010000000000000025 /* WatchConnectivity.framework in Frameworks */ = {isa = PBXBuildFile; fileRef = 600000020000000000000022 /* WatchConnectivity.framework */; };
		600000010000000000000030 /* PTVehicleConnectivityCoordinator.swift in Sources */ = {isa = PBXBuildFile; fileRef = 600000020000000000000030 /* PTVehicleConnectivityCoordinator.swift */; };
/* End PBXBuildFile section */

/* Begin PBXContainerItemProxy section */
		55499E15301AFCEA00A1A2D9 /* PBXContainerItemProxy */ = {
			isa = PBXContainerItemProxy;
			containerPortal = 5577E5B52FD5C1DB0004733F /* Project object */;
			proxyType = 1;
			remoteGlobalIDString = 55499E07301AFCE800A1A2D9;
			remoteInfo = xp400WidgetExtension;
		};
		555DC847303820E6002B003B /* PBXContainerItemProxy */ = {
			isa = PBXContainerItemProxy;
			containerPortal = 5577E5B52FD5C1DB0004733F /* Project object */;
			proxyType = 1;
			remoteGlobalIDString = 555DC83E303820E3002B003B;
			remoteInfo = "xp400watch Watch App";
		};
		55F52C66303D4025007527C2 /* PBXContainerItemProxy */ = {
			isa = PBXContainerItemProxy;
			containerPortal = 5577E5B52FD5C1DB0004733F /* Project object */;
			proxyType = 1;
			remoteGlobalIDString = 5577E6372FD657030004733F;
			remoteInfo = PTSpeed;
		};
/* End PBXContainerItemProxy section */

/* Begin PBXCopyFilesBuildPhase section */
		55499E1C301AFCEA00A1A2D9 /* Embed Foundation Extensions */ = {
			isa = PBXCopyFilesBuildPhase;
			buildActionMask = 2147483647;
			dstPath = "";
			dstSubfolderSpec = 13;
			files = (
				55499E17301AFCEA00A1A2D9 /* xp400WidgetExtension.appex in Embed Foundation Extensions */,
			);
			name = "Embed Foundation Extensions";
			runOnlyForDeploymentPostprocessing = 0;
		};
		555DC84A303820E6002B003B /* Embed Watch Content */ = {
			isa = PBXCopyFilesBuildPhase;
			buildActionMask = 2147483647;
			dstPath = "$(CONTENTS_FOLDER_PATH)/Watch";
			dstSubfolderSpec = 16;
			files = (
				555DC849303820E6002B003B /* xp400watch Watch App.app in Embed Watch Content */,
			);
			name = "Embed Watch Content";
			runOnlyForDeploymentPostprocessing = 0;
		};
/* End PBXCopyFilesBuildPhase section */

/* Begin PBXFileReference section */
		2567A83A06A2B2498B880D19 /* Pods-CrazyDashboard.release.xcconfig */ = {isa = PBXFileReference; includeInIndex = 1; lastKnownFileType = text.xcconfig; name = "Pods-CrazyDashboard.release.xcconfig"; path = "Target Support Files/Pods-CrazyDashboard/Pods-CrazyDashboard.release.xcconfig"; sourceTree = "<group>"; };
		33464FDDE31899C7F87FB6EC /* Pods_PTSpeed.framework */ = {isa = PBXFileReference; explicitFileType = wrapper.framework; includeInIndex = 0; path = Pods_PTSpeed.framework; sourceTree = BUILT_PRODUCTS_DIR; };
		5512F331302B7F26001AFED4 /* PTOBDCommand.swift */ = {isa = PBXFileReference; lastKnownFileType = sourcecode.swift; path = PTOBDCommand.swift; sourceTree = "<group>"; };
		5512F398302C4CAC001AFED4 /* PTDashboardHacker.swift */ = {isa = PBXFileReference; lastKnownFileType = sourcecode.swift; path = PTDashboardHacker.swift; sourceTree = "<group>"; };
		5512F3DD302C8CA7001AFED4 /* PTBLELogger.swift */ = {isa = PBXFileReference; lastKnownFileType = sourcecode.swift; path = PTBLELogger.swift; sourceTree = "<group>"; };
		554110DA301E65AB0059BFCF /* PTLiDARCollisionManager.swift */ = {isa = PBXFileReference; lastKnownFileType = sourcecode.swift; path = PTLiDARCollisionManager.swift; sourceTree = "<group>"; };
		5541111E301F2B630059BFCF /* PTStatusItemView.swift */ = {isa = PBXFileReference; lastKnownFileType = sourcecode.swift; path = PTStatusItemView.swift; sourceTree = "<group>"; };
		55499CF63019B7DD00A1A2D9 /* PTGlobalMapManager.swift */ = {isa = PBXFileReference; lastKnownFileType = sourcecode.swift; path = PTGlobalMapManager.swift; sourceTree = "<group>"; };
		55499CF93019D83800A1A2D9 /* PTDashboardBaseView.swift */ = {isa = PBXFileReference; lastKnownFileType = sourcecode.swift; path = PTDashboardBaseView.swift; sourceTree = "<group>"; };
		55499CFC3019EA0500A1A2D9 /* PTMotoDashBoardNavFunction.swift */ = {isa = PBXFileReference; lastKnownFileType = sourcecode.swift; path = PTMotoDashBoardNavFunction.swift; sourceTree = "<group>"; };
		55499DFD301AFA2300A1A2D9 /* PTLiveActivityManager.swift */ = {isa = PBXFileReference; lastKnownFileType = sourcecode.swift; path = PTLiveActivityManager.swift; sourceTree = "<group>"; };
		55499E01301AFC2200A1A2D9 /* PTWidgetManager.swift */ = {isa = PBXFileReference; lastKnownFileType = sourcecode.swift; path = PTWidgetManager.swift; sourceTree = "<group>"; };
		55499E08301AFCE800A1A2D9 /* xp400WidgetExtension.appex */ = {isa = PBXFileReference; explicitFileType = "wrapper.app-extension"; includeInIndex = 0; path = xp400WidgetExtension.appex; sourceTree = BUILT_PRODUCTS_DIR; };
		55499E09301AFCE800A1A2D9 /* WidgetKit.framework */ = {isa = PBXFileReference; lastKnownFileType = wrapper.framework; name = WidgetKit.framework; path = System/Library/Frameworks/WidgetKit.framework; sourceTree = SDKROOT; };
		55499E0B301AFCE800A1A2D9 /* SwiftUI.framework */ = {isa = PBXFileReference; lastKnownFileType = wrapper.framework; name = SwiftUI.framework; path = System/Library/Frameworks/SwiftUI.framework; sourceTree = SDKROOT; };
		55499E1E301B1F4F00A1A2D9 /* PTWeatherOverlayView.swift */ = {isa = PBXFileReference; lastKnownFileType = sourcecode.swift; path = PTWeatherOverlayView.swift; sourceTree = "<group>"; };
		55499E23301B204A00A1A2D9 /* PTWeatherManager.swift */ = {isa = PBXFileReference; lastKnownFileType = sourcecode.swift; path = PTWeatherManager.swift; sourceTree = "<group>"; };
		55499E28301B2BBB00A1A2D9 /* PTLocalIntercomManager.swift */ = {isa = PBXFileReference; lastKnownFileType = sourcecode.swift; path = PTLocalIntercomManager.swift; sourceTree = "<group>"; };
		55499E2B301B2C8800A1A2D9 /* PTPTTViewController.swift */ = {isa = PBXFileReference; lastKnownFileType = sourcecode.swift; path = PTPTTViewController.swift; sourceTree = "<group>"; };
		555C0FF8300E06630079D94F /* PTGlobalActionHeader.swift */ = {isa = PBXFileReference; lastKnownFileType = sourcecode.swift; path = PTGlobalActionHeader.swift; sourceTree = "<group>"; };
		555DC83F303820E3002B003B /* xp400watch Watch App.app */ = {isa = PBXFileReference; explicitFileType = wrapper.application; includeInIndex = 0; path = "xp400watch Watch App.app"; sourceTree = BUILT_PRODUCTS_DIR; };
		5577E6212FD656D20004733F /* PTLocationEngine.swift */ = {isa = PBXFileReference; lastKnownFileType = sourcecode.swift; path = PTLocationEngine.swift; sourceTree = "<group>"; };
		5577E6382FD657030004733F /* XP400Ride.app */ = {isa = PBXFileReference; explicitFileType = wrapper.application; includeInIndex = 0; path = XP400Ride.app; sourceTree = BUILT_PRODUCTS_DIR; };
		5577E6752FD657D20004733F /* libz.tbd */ = {isa = PBXFileReference; lastKnownFileType = "sourcecode.text-based-dylib-definition"; name = libz.tbd; path = usr/lib/libz.tbd; sourceTree = SDKROOT; };
		5577E6AA2FD662C20004733F /* PTMapView.swift */ = {isa = PBXFileReference; lastKnownFileType = sourcecode.swift; path = PTMapView.swift; sourceTree = "<group>"; };
		5577E6D02FD680730004733F /* PTTripStatsView.swift */ = {isa = PBXFileReference; lastKnownFileType = sourcecode.swift; path = PTTripStatsView.swift; sourceTree = "<group>"; };
		557D0038302EA1BD008BA492 /* PTBumpMeterView.swift */ = {isa = PBXFileReference; lastKnownFileType = sourcecode.swift; path = PTBumpMeterView.swift; sourceTree = "<group>"; };
		557D0039302EA1BD008BA492 /* PTCompassRollerView.swift */ = {isa = PBXFileReference; lastKnownFileType = sourcecode.swift; path = PTCompassRollerView.swift; sourceTree = "<group>"; };
		557D003A302EA1BD008BA492 /* PTCrashWarningView.swift */ = {isa = PBXFileReference; lastKnownFileType = sourcecode.swift; path = PTCrashWarningView.swift; sourceTree = "<group>"; };
		557D003B302EA1BD008BA492 /* PTDashBoardBaseBoardViewController.swift */ = {isa = PBXFileReference; lastKnownFileType = sourcecode.swift; path = PTDashBoardBaseBoardViewController.swift; sourceTree = "<group>"; };
		557D003C302EA1BD008BA492 /* PTDashBoardView.swift */ = {isa = PBXFileReference; lastKnownFileType = sourcecode.swift; path = PTDashBoardView.swift; sourceTree = "<group>"; };
		557D003D302EA1BD008BA492 /* PTGForceView.swift */ = {isa = PBXFileReference; lastKnownFileType = sourcecode.swift; path = PTGForceView.swift; sourceTree = "<group>"; };
		557D003E302EA1BD008BA492 /* PTIndicatorPanel.swift */ = {isa = PBXFileReference; lastKnownFileType = sourcecode.swift; path = PTIndicatorPanel.swift; sourceTree = "<group>"; };
		557D003F302EA1BD008BA492 /* PTLeanAngleView.swift */ = {isa = PBXFileReference; lastKnownFileType = sourcecode.swift; path = PTLeanAngleView.swift; sourceTree = "<group>"; };
		557D0040302EA1BD008BA492 /* PTNowPlayingView.swift */ = {isa = PBXFileReference; lastKnownFileType = sourcecode.swift; path = PTNowPlayingView.swift; sourceTree = "<group>"; };
		557D0041302EA1BD008BA492 /* PTPitchView.swift */ = {isa = PBXFileReference; lastKnownFileType = sourcecode.swift; path = PTPitchView.swift; sourceTree = "<group>"; };
		557D0042302EA1BD008BA492 /* PTSpeedometerView.swift */ = {isa = PBXFileReference; lastKnownFileType = sourcecode.swift; path = PTSpeedometerView.swift; sourceTree = "<group>"; };
		557D0050302EA1E3008BA492 /* PTArcGaugeView.swift */ = {isa = PBXFileReference; lastKnownFileType = sourcecode.swift; path = PTArcGaugeView.swift; sourceTree = "<group>"; };
		557D0053302ECDAE008BA492 /* PTPeugeotDashBoardViewController.swift */ = {isa = PBXFileReference; lastKnownFileType = sourcecode.swift; path = PTPeugeotDashBoardViewController.swift; sourceTree = "<group>"; };
		557D0055302ED2A9008BA492 /* PTPeugeotLEDDashBoard.swift */ = {isa = PBXFileReference; lastKnownFileType = sourcecode.swift; path = PTPeugeotLEDDashBoard.swift; sourceTree = "<group>"; };
		557D0057302EF46D008BA492 /* PTPeugeotDashBoardNavView.swift */ = {isa = PBXFileReference; lastKnownFileType = sourcecode.swift; path = PTPeugeotDashBoardNavView.swift; sourceTree = "<group>"; };
		557D027930335603008BA492 /* PTCANRecorder.swift */ = {isa = PBXFileReference; lastKnownFileType = sourcecode.swift; path = PTCANRecorder.swift; sourceTree = "<group>"; };
		55878957302301B200B94E91 /* xp400WidgetExtension.entitlements */ = {isa = PBXFileReference; lastKnownFileType = text.plist.entitlements; path = xp400WidgetExtension.entitlements; sourceTree = "<group>"; };
		558789E3302420CB00B94E91 /* PTCarplayMainController.swift */ = {isa = PBXFileReference; lastKnownFileType = sourcecode.swift; path = PTCarplayMainController.swift; sourceTree = "<group>"; };
		558789E530242B9400B94E91 /* PTCarPlayContainerViewController.swift */ = {isa = PBXFileReference; lastKnownFileType = sourcecode.swift; path = PTCarPlayContainerViewController.swift; sourceTree = "<group>"; };
		55901836300FE37100A77571 /* PTMotoBaseViewController.swift */ = {isa = PBXFileReference; lastKnownFileType = sourcecode.swift; path = PTMotoBaseViewController.swift; sourceTree = "<group>"; };
		5590187130107A1C00A77571 /* PTRoutePlantCell.swift */ = {isa = PBXFileReference; lastKnownFileType = sourcecode.swift; path = PTRoutePlantCell.swift; sourceTree = "<group>"; };
		5598663E301138A30049684D /* PTTripManager.swift */ = {isa = PBXFileReference; lastKnownFileType = sourcecode.swift; path = PTTripManager.swift; sourceTree = "<group>"; };
		55986641301141090049684D /* PTAntiTheftManager.swift */ = {isa = PBXFileReference; lastKnownFileType = sourcecode.swift; path = PTAntiTheftManager.swift; sourceTree = "<group>"; };
		55986674301144060049684D /* PTMaintenanceManager.swift */ = {isa = PBXFileReference; lastKnownFileType = sourcecode.swift; path = PTMaintenanceManager.swift; sourceTree = "<group>"; };
		55986677301144840049684D /* PTGPXRecorder.swift */ = {isa = PBXFileReference; lastKnownFileType = sourcecode.swift; path = PTGPXRecorder.swift; sourceTree = "<group>"; };
		5598667A301147FD0049684D /* PTCustomRouteManager.swift */ = {isa = PBXFileReference; lastKnownFileType = sourcecode.swift; path = PTCustomRouteManager.swift; sourceTree = "<group>"; };
		5598667D301148290049684D /* PTDiagnosticManager.swift */ = {isa = PBXFileReference; lastKnownFileType = sourcecode.swift; path = PTDiagnosticManager.swift; sourceTree = "<group>"; };
		5598668030114A980049684D /* PTFuelRoutingManager.swift */ = {isa = PBXFileReference; lastKnownFileType = sourcecode.swift; path = PTFuelRoutingManager.swift; sourceTree = "<group>"; };
		5598668330114DF00049684D /* PTRoutingManager.swift */ = {isa = PBXFileReference; lastKnownFileType = sourcecode.swift; path = PTRoutingManager.swift; sourceTree = "<group>"; };
		55986686301150900049684D /* PTECUSnifferOverlay.swift */ = {isa = PBXFileReference; lastKnownFileType = sourcecode.swift; path = PTECUSnifferOverlay.swift; sourceTree = "<group>"; };
		559866C13011A71E0049684D /* SpeechSynthesizer.swift */ = {isa = PBXFileReference; lastKnownFileType = sourcecode.swift; path = SpeechSynthesizer.swift; sourceTree = "<group>"; };
		5598676C3011C9720049684D /* Settings.bundle */ = {isa = PBXFileReference; lastKnownFileType = "wrapper.plug-in"; path = Settings.bundle; sourceTree = "<group>"; };
		55986832301330E00049684D /* PTDataCollectedViewController.swift */ = {isa = PBXFileReference; lastKnownFileType = sourcecode.swift; path = PTDataCollectedViewController.swift; sourceTree = "<group>"; };
		55986835301337DC0049684D /* PTTripDataCell.swift */ = {isa = PBXFileReference; lastKnownFileType = sourcecode.swift; path = PTTripDataCell.swift; sourceTree = "<group>"; };
		55986838301348FC0049684D /* PTNotificationCenter.swift */ = {isa = PBXFileReference; lastKnownFileType = sourcecode.swift; path = PTNotificationCenter.swift; sourceTree = "<group>"; };
		55986BAC30179D500049684D /* PTNativeTelemetryChartView.swift */ = {isa = PBXFileReference; lastKnownFileType = sourcecode.swift; path = PTNativeTelemetryChartView.swift; sourceTree = "<group>"; };
		55CA9DF4302452AA00A3A677 /* PTOBDDataView.swift */ = {isa = PBXFileReference; lastKnownFileType = sourcecode.swift; path = PTOBDDataView.swift; sourceTree = "<group>"; };
		55CA9E183024582300A3A677 /* PTOBDDataViewControllerCollection.swift */ = {isa = PBXFileReference; lastKnownFileType = sourcecode.swift; path = PTOBDDataViewControllerCollection.swift; sourceTree = "<group>"; };
		55F1E2F13026D2020032EAD5 /* PTHiddenOBDConnector.swift */ = {isa = PBXFileReference; lastKnownFileType = sourcecode.swift; path = PTHiddenOBDConnector.swift; sourceTree = "<group>"; };
		55F1E2F43026D2020032EAD5 /* PTUDSDiagnosticService.swift */ = {isa = PBXFileReference; lastKnownFileType = sourcecode.swift; path = PTUDSDiagnosticService.swift; sourceTree = "<group>"; };
		55F503AA300FBDCE00C5D085 /* GlobalAssets.xcassets */ = {isa = PBXFileReference; lastKnownFileType = folder.assetcatalog; path = GlobalAssets.xcassets; sourceTree = "<group>"; };
		55F503B6300FC9AA00C5D085 /* PTLanguageModel.swift */ = {isa = PBXFileReference; lastKnownFileType = sourcecode.swift; path = PTLanguageModel.swift; sourceTree = "<group>"; };
		55F503BA300FCA3100C5D085 /* PTMotoUserDefaultStruct.swift */ = {isa = PBXFileReference; lastKnownFileType = sourcecode.swift; path = PTMotoUserDefaultStruct.swift; sourceTree = "<group>"; };
		55F503C1300FCB8E00C5D085 /* zh-Hant */ = {isa = PBXFileReference; lastKnownFileType = text.plist.strings; name = "zh-Hant"; path = "zh-Hant.lproj/Localizable.strings"; sourceTree = "<group>"; };
		55F52C3B303D4025007527C2 /* AppDelegate.swift */ = {isa = PBXFileReference; lastKnownFileType = sourcecode.swift; path = AppDelegate.swift; sourceTree = "<group>"; };
		55F52C3C303D4025007527C2 /* Assets.xcassets */ = {isa = PBXFileReference; lastKnownFileType = folder.assetcatalog; path = Assets.xcassets; sourceTree = "<group>"; };
		55F52C3D303D4025007527C2 /* Info.plist */ = {isa = PBXFileReference; lastKnownFileType = text.plist.xml; path = Info.plist; sourceTree = "<group>"; };
		55F52C3E303D4025007527C2 /* Base */ = {isa = PBXFileReference; lastKnownFileType = file.storyboard; name = Base; path = Base.lproj/LaunchScreen.storyboard; sourceTree = "<group>"; };
		55F52C3F303D4025007527C2 /* zh-Hans */ = {isa = PBXFileReference; lastKnownFileType = text.plist.strings; name = "zh-Hans"; path = "zh-Hans.lproj/LaunchScreen.strings"; sourceTree = "<group>"; };
		55F52C40303D4025007527C2 /* tr */ = {isa = PBXFileReference; lastKnownFileType = text.plist.strings; name = tr; path = tr.lproj/LaunchScreen.strings; sourceTree = "<group>"; };
		55F52C41303D4025007527C2 /* zh-Hant */ = {isa = PBXFileReference; lastKnownFileType = text.plist.strings; name = "zh-Hant"; path = "zh-Hant.lproj/LaunchScreen.strings"; sourceTree = "<group>"; };
		55F52C43303D4025007527C2 /* Base */ = {isa = PBXFileReference; lastKnownFileType = file.storyboard; name = Base; path = Base.lproj/Main.storyboard; sourceTree = "<group>"; };
		55F52C44303D4025007527C2 /* zh-Hans */ = {isa = PBXFileReference; lastKnownFileType = text.plist.strings; name = "zh-Hans"; path = "zh-Hans.lproj/Main.strings"; sourceTree = "<group>"; };
		55F52C45303D4025007527C2 /* tr */ = {isa = PBXFileReference; lastKnownFileType = text.plist.strings; name = tr; path = tr.lproj/Main.strings; sourceTree = "<group>"; };
		55F52C46303D4025007527C2 /* zh-Hant */ = {isa = PBXFileReference; lastKnownFileType = text.plist.strings; name = "zh-Hant"; path = "zh-Hant.lproj/Main.strings"; sourceTree = "<group>"; };
		55F52C48303D4025007527C2 /* PTCarPlaySceneDelegate.swift */ = {isa = PBXFileReference; lastKnownFileType = sourcecode.swift; path = PTCarPlaySceneDelegate.swift; sourceTree = "<group>"; };
		55F52C49303D4025007527C2 /* PTSpeed.entitlements */ = {isa = PBXFileReference; lastKnownFileType = text.plist.entitlements; path = PTSpeed.entitlements; sourceTree = "<group>"; };
		55F52C4A303D4025007527C2 /* SceneDelegate.swift */ = {isa = PBXFileReference; lastKnownFileType = sourcecode.swift; path = SceneDelegate.swift; sourceTree = "<group>"; };
		55F52C4B303D4025007527C2 /* ViewController.swift */ = {isa = PBXFileReference; lastKnownFileType = sourcecode.swift; path = ViewController.swift; sourceTree = "<group>"; };
		55F52C56303D4025007527C2 /* PTRideReviewAnalyzer.swift */ = {isa = PBXFileReference; lastKnownFileType = sourcecode.swift; path = PTRideReviewAnalyzer.swift; sourceTree = "<group>"; };
		55F52C57303D4025007527C2 /* Debug.xcconfig */ = {isa = PBXFileReference; lastKnownFileType = text.xcconfig; path = Debug.xcconfig; sourceTree = "<group>"; };
		55F52C58303D4025007527C2 /* Release.xcconfig */ = {isa = PBXFileReference; lastKnownFileType = text.xcconfig; path = Release.xcconfig; sourceTree = "<group>"; };
		55F52C59303D4025007527C2 /* Secrets.example.xcconfig */ = {isa = PBXFileReference; lastKnownFileType = text.xcconfig; path = Secrets.example.xcconfig; sourceTree = "<group>"; };
		55F52C5C303D4025007527C2 /* PrivacyInfo.xcprivacy */ = {isa = PBXFileReference; lastKnownFileType = text.xml; path = PrivacyInfo.xcprivacy; sourceTree = "<group>"; };
		55F52C5D303D4025007527C2 /* PTCoreTests.swift */ = {isa = PBXFileReference; lastKnownFileType = sourcecode.swift; path = PTCoreTests.swift; sourceTree = "<group>"; };
		55F52C60303D4025007527C2 /* XCTest.framework */ = {isa = PBXFileReference; lastKnownFileType = wrapper.framework; name = XCTest.framework; path = System/Library/Frameworks/XCTest.framework; sourceTree = SDKROOT; };
		55F52C62303D4025007527C2 /* PTSpeedTests.xctest */ = {isa = PBXFileReference; explicitFileType = wrapper.cfbundle; includeInIndex = 0; path = PTSpeedTests.xctest; sourceTree = BUILT_PRODUCTS_DIR; };
		55F52C71303D4025007527C2 /* PTOBDiagnosticAddress.swift */ = {isa = PBXFileReference; lastKnownFileType = sourcecode.swift; path = PTOBDiagnosticAddress.swift; sourceTree = "<group>"; };
		55FDBCA73010CD6E00EE7FA5 /* PTMOTOParkingManager.swift */ = {isa = PBXFileReference; lastKnownFileType = sourcecode.swift; path = PTMOTOParkingManager.swift; sourceTree = "<group>"; };
		55FDBCAA3010D6C200EE7FA5 /* PTMOTOParkingAnotationView.swift */ = {isa = PBXFileReference; lastKnownFileType = sourcecode.swift; path = PTMOTOParkingAnotationView.swift; sourceTree = "<group>"; };
		55FE295A300CA4E8000E741F /* PTBluetoothManager.swift */ = {isa = PBXFileReference; lastKnownFileType = sourcecode.swift; path = PTBluetoothManager.swift; sourceTree = "<group>"; };
		55FE2965300CA5E0000E741F /* PTDashboardConfig.swift */ = {isa = PBXFileReference; lastKnownFileType = sourcecode.swift; path = PTDashboardConfig.swift; sourceTree = "<group>"; };
		55FE2994300CBCB4000E741F /* PTMotoBaseTabbarController.swift */ = {isa = PBXFileReference; lastKnownFileType = sourcecode.swift; path = PTMotoBaseTabbarController.swift; sourceTree = "<group>"; };
		55FE299F300CC1F1000E741F /* PTMotoInfoViewController.swift */ = {isa = PBXFileReference; lastKnownFileType = sourcecode.swift; path = PTMotoInfoViewController.swift; sourceTree = "<group>"; };
		55FE29A2300CC258000E741F /* PTMotoNavigationViewController.swift */ = {isa = PBXFileReference; lastKnownFileType = sourcecode.swift; path = PTMotoNavigationViewController.swift; sourceTree = "<group>"; };
		55FE29A5300CC2E2000E741F /* PTMotoSettingViewController.swift */ = {isa = PBXFileReference; lastKnownFileType = sourcecode.swift; path = PTMotoSettingViewController.swift; sourceTree = "<group>"; };
		55FE2A09300CE2B0000E741F /* PTMapKitNavigationHelper.swift */ = {isa = PBXFileReference; lastKnownFileType = sourcecode.swift; path = PTMapKitNavigationHelper.swift; sourceTree = "<group>"; };
		55FE2A5C300DF42A000E741F /* PTBLEConnectViewController.swift */ = {isa = PBXFileReference; lastKnownFileType = sourcecode.swift; path = PTBLEConnectViewController.swift; sourceTree = "<group>"; };
		55FE2A6E300DF836000E741F /* zh-Hans */ = {isa = PBXFileReference; lastKnownFileType = text.plist.strings; name = "zh-Hans"; path = "zh-Hans.lproj/Localizable.strings"; sourceTree = "<group>"; };
		55FE2A73300DF870000E741F /* en */ = {isa = PBXFileReference; lastKnownFileType = text.plist.strings; name = en; path = en.lproj/Localizable.strings; sourceTree = "<group>"; };
		55FE2A74300DF876000E741F /* tr */ = {isa = PBXFileReference; lastKnownFileType = text.plist.strings; name = tr; path = tr.lproj/Localizable.strings; sourceTree = "<group>"; };
		55FE2A76300DF95C000E741F /* PTMainProgressView.swift */ = {isa = PBXFileReference; lastKnownFileType = sourcecode.swift; path = PTMainProgressView.swift; sourceTree = "<group>"; };
		561E4C337C3165E9409BE2DF /* Pods_CrazyDashboard.framework */ = {isa = PBXFileReference; explicitFileType = wrapper.framework; includeInIndex = 0; path = Pods_CrazyDashboard.framework; sourceTree = BUILT_PRODUCTS_DIR; };
		600000020000000000000020 /* PTWidgetSharedStatus.swift */ = {isa = PBXFileReference; lastKnownFileType = sourcecode.swift; path = PTWidgetSharedStatus.swift; sourceTree = "<group>"; };
		600000020000000000000021 /* PTWatchConnectivityManager.swift */ = {isa = PBXFileReference; lastKnownFileType = sourcecode.swift; path = PTWatchConnectivityManager.swift; sourceTree = "<group>"; };
		600000020000000000000022 /* WatchConnectivity.framework */ = {isa = PBXFileReference; lastKnownFileType = wrapper.framework; name = WatchConnectivity.framework; path = System/Library/Frameworks/WatchConnectivity.framework; sourceTree = SDKROOT; };
		600000020000000000000030 /* PTVehicleConnectivityCoordinator.swift */ = {isa = PBXFileReference; lastKnownFileType = sourcecode.swift; path = PTVehicleConnectivityCoordinator.swift; sourceTree = "<group>"; };
		D09A390A369C6CD52A68264C /* Pods-CrazyDashboard.debug.xcconfig */ = {isa = PBXFileReference; includeInIndex = 1; lastKnownFileType = text.xcconfig; name = "Pods-CrazyDashboard.debug.xcconfig"; path = "Target Support Files/Pods-CrazyDashboard/Pods-CrazyDashboard.debug.xcconfig"; sourceTree = "<group>"; };
		D34B5AEEFEEEB370C9E04AED /* Pods-PTSpeed.debug.xcconfig */ = {isa = PBXFileReference; includeInIndex = 1; lastKnownFileType = text.xcconfig; name = "Pods-PTSpeed.debug.xcconfig"; path = "Target Support Files/Pods-PTSpeed/Pods-PTSpeed.debug.xcconfig"; sourceTree = "<group>"; };
		FCB0604515CAED1E21FA36B8 /* Pods-PTSpeed.release.xcconfig */ = {isa = PBXFileReference; includeInIndex = 1; lastKnownFileType = text.xcconfig; name = "Pods-PTSpeed.release.xcconfig"; path = "Target Support Files/Pods-PTSpeed/Pods-PTSpeed.release.xcconfig"; sourceTree = "<group>"; };
/* End PBXFileReference section */

/* Begin PBXFileSystemSynchronizedBuildFileExceptionSet section */
		55499E1B301AFCEA00A1A2D9 /* Exceptions for "xp400Widget" folder in "xp400WidgetExtension" target */ = {
			isa = PBXFileSystemSynchronizedBuildFileExceptionSet;
			membershipExceptions = (
				Info.plist,
			);
			target = 55499E07301AFCE800A1A2D9 /* xp400WidgetExtension */;
		};
/* End PBXFileSystemSynchronizedBuildFileExceptionSet section */

/* Begin PBXFileSystemSynchronizedRootGroup section */
		55499E0D301AFCE800A1A2D9 /* xp400Widget */ = {
			isa = PBXFileSystemSynchronizedRootGroup;
			exceptions = (
				55499E1B301AFCEA00A1A2D9 /* Exceptions for "xp400Widget" folder in "xp400WidgetExtension" target */,
			);
			path = xp400Widget;
			sourceTree = "<group>";
		};
		555DC840303820E3002B003B /* xp400watch Watch App */ = {
			isa = PBXFileSystemSynchronizedRootGroup;
			path = "xp400watch Watch App";
			sourceTree = "<group>";
		};
/* End PBXFileSystemSynchronizedRootGroup section */

/* Begin PBXFrameworksBuildPhase section */
		55499E05301AFCE800A1A2D9 /* Frameworks */ = {
			isa = PBXFrameworksBuildPhase;
			buildActionMask = 2147483647;
			files = (
				55499E0C301AFCE800A1A2D9 /* SwiftUI.framework in Frameworks */,
				55499E0A301AFCE800A1A2D9 /* WidgetKit.framework in Frameworks */,
			);
			runOnlyForDeploymentPostprocessing = 0;
		};
		555DC83C303820E3002B003B /* Frameworks */ = {
			isa = PBXFrameworksBuildPhase;
			buildActionMask = 2147483647;
			files = (
				600000010000000000000025 /* WatchConnectivity.framework in Frameworks */,
			);
			runOnlyForDeploymentPostprocessing = 0;
		};
		5577E6352FD657030004733F /* Frameworks */ = {
			isa = PBXFrameworksBuildPhase;
			buildActionMask = 2147483647;
			files = (
				600000010000000000000024 /* WatchConnectivity.framework in Frameworks */,
				5A200D40EF300920887AD052 /* Pods_PTSpeed.framework in Frameworks */,
				55E61692301B45B50075F883 /* QWeatherSDK in Frameworks */,
				5577E6762FD657F30004733F /* libz.tbd in Frameworks */,
			);
			runOnlyForDeploymentPostprocessing = 0;
		};
		55F52C68303D4025007527C2 /* Frameworks */ = {
			isa = PBXFrameworksBuildPhase;
			buildActionMask = 2147483647;
			files = (
				55F52C61303D4025007527C2 /* XCTest.framework in Frameworks */,
			);
			runOnlyForDeploymentPostprocessing = 0;
		};
/* End PBXFrameworksBuildPhase section */

/* Begin PBXGroup section */
		5512F3DC302C8C8E001AFED4 /* Log */ = {
			isa = PBXGroup;
			children = (
				5512F3DD302C8CA7001AFED4 /* PTBLELogger.swift */,
			);
			path = Log;
			sourceTree = "<group>";
		};
		554110D9301E658D0059BFCF /* LiDar */ = {
			isa = PBXGroup;
			children = (
				554110DA301E65AB0059BFCF /* PTLiDARCollisionManager.swift */,
			);
			path = LiDar;
			sourceTree = "<group>";
		};
		55499DFC301AF9EE00A1A2D9 /* LiveActivity */ = {
			isa = PBXGroup;
			children = (
				55499DFD301AFA2300A1A2D9 /* PTLiveActivityManager.swift */,
			);
			path = LiveActivity;
			sourceTree = "<group>";
		};
		55499E00301AFBF700A1A2D9 /* Widget */ = {
			isa = PBXGroup;
			children = (
				55499E01301AFC2200A1A2D9 /* PTWidgetManager.swift */,
				600000020000000000000020 /* PTWidgetSharedStatus.swift */,
				600000020000000000000021 /* PTWatchConnectivityManager.swift */,
			);
			path = Widget;
			sourceTree = "<group>";
		};
		55499E20301B201400A1A2D9 /* Weather */ = {
			isa = PBXGroup;
			children = (
				55499E22301B203100A1A2D9 /* Function */,
				55499E21301B202A00A1A2D9 /* Views */,
			);
			path = Weather;
			sourceTree = "<group>";
		};
		55499E21301B202A00A1A2D9 /* Views */ = {
			isa = PBXGroup;
			children = (
				55499E1E301B1F4F00A1A2D9 /* PTWeatherOverlayView.swift */,
			);
			path = Views;
			sourceTree = "<group>";
		};
		55499E22301B203100A1A2D9 /* Function */ = {
			isa = PBXGroup;
			children = (
				55499E23301B204A00A1A2D9 /* PTWeatherManager.swift */,
			);
			path = Function;
			sourceTree = "<group>";
		};
		55499E25301B2B8600A1A2D9 /* PTPTT */ = {
			isa = PBXGroup;
			children = (
				55499E2A301B2C6E00A1A2D9 /* ViewController */,
				55499E26301B2B9000A1A2D9 /* Function */,
			);
			path = PTPTT;
			sourceTree = "<group>";
		};
		55499E26301B2B9000A1A2D9 /* Function */ = {
			isa = PBXGroup;
			children = (
				55499E28301B2BBB00A1A2D9 /* PTLocalIntercomManager.swift */,
			);
			path = Function;
			sourceTree = "<group>";
		};
		55499E2A301B2C6E00A1A2D9 /* ViewController */ = {
			isa = PBXGroup;
			children = (
				55499E2B301B2C8800A1A2D9 /* PTPTTViewController.swift */,
			);
			path = ViewController;
			sourceTree = "<group>";
		};
		555DC8A7303828CB002B003B /* Recovered References */ = {
			isa = PBXGroup;
			children = (
				600000020000000000000022 /* WatchConnectivity.framework */,
				55F52C60303D4025007527C2 /* XCTest.framework */,
			);
			name = "Recovered References";
			sourceTree = "<group>";
		};
		5577E5B42FD5C1DB0004733F = {
			isa = PBXGroup;
			children = (
				55878957302301B200B94E91 /* xp400WidgetExtension.entitlements */,
				5577E64D2FD657110004733F /* Global */,
				55F52C4C303D4025007527C2 /* PTSpeed */,
				55499E0D301AFCE800A1A2D9 /* xp400Widget */,
				555DC840303820E3002B003B /* xp400watch Watch App */,
				55F52C5F303D4025007527C2 /* PTSpeedTests */,
				5577E5BE2FD5C1DB0004733F /* Products */,
				59D3A021EFE75A7BF8504B6F /* Pods */,
				C8AF0651275D1EA16545F01B /* Frameworks */,
				555DC8A7303828CB002B003B /* Recovered References */,
			);
			sourceTree = "<group>";
		};
		5577E5BE2FD5C1DB0004733F /* Products */ = {
			isa = PBXGroup;
			children = (
				5577E6382FD657030004733F /* XP400Ride.app */,
				55499E08301AFCE800A1A2D9 /* xp400WidgetExtension.appex */,
				555DC83F303820E3002B003B /* xp400watch Watch App.app */,
				55F52C62303D4025007527C2 /* PTSpeedTests.xctest */,
			);
			name = Products;
			sourceTree = "<group>";
		};
		5577E64D2FD657110004733F /* Global */ = {
			isa = PBXGroup;
			children = (
				5512F3DC302C8C8E001AFED4 /* Log */,
				55CA9DF23024528A00A3A677 /* OBD */,
				558789E2302420B500B94E91 /* Carplay */,
				554110D9301E658D0059BFCF /* LiDar */,
				55E616B8301B89AA0075F883 /* Chat */,
				55E616B7301B89960075F883 /* Dev */,
				55E616B6301B89310075F883 /* Location */,
				557D0043302EA1BD008BA492 /* Dashboard */,
				55E616B4301B88BF0075F883 /* BLE */,
				55499E25301B2B8600A1A2D9 /* PTPTT */,
				55499E20301B201400A1A2D9 /* Weather */,
				55499E00301AFBF700A1A2D9 /* Widget */,
				55499DFC301AF9EE00A1A2D9 /* LiveActivity */,
				5598676C3011C9720049684D /* Settings.bundle */,
				55F503B9300FCA1E00C5D085 /* Global */,
				55F503B5300FC99000C5D085 /* Model */,
				55FE2A6D300DF836000E741F /* Localizable.strings */,
				55FE299F300CC1F1000E741F /* PTMotoInfoViewController.swift */,
				55FE29A5300CC2E2000E741F /* PTMotoSettingViewController.swift */,
				5577E6D02FD680730004733F /* PTTripStatsView.swift */,
				55FE2A75300DF93F000E741F /* Views */,
				55F503AA300FBDCE00C5D085 /* GlobalAssets.xcassets */,
			);
			path = Global;
			sourceTree = "<group>";
		};
		557D0043302EA1BD008BA492 /* Dashboard */ = {
			isa = PBXGroup;
			children = (
				557D0052302ECD03008BA492 /* ViewController */,
				557D004F302EA1C0008BA492 /* Views */,
			);
			path = Dashboard;
			sourceTree = "<group>";
		};
		557D004F302EA1C0008BA492 /* Views */ = {
			isa = PBXGroup;
			children = (
				557D0050302EA1E3008BA492 /* PTArcGaugeView.swift */,
				557D0038302EA1BD008BA492 /* PTBumpMeterView.swift */,
				557D0039302EA1BD008BA492 /* PTCompassRollerView.swift */,
				557D003A302EA1BD008BA492 /* PTCrashWarningView.swift */,
				557D003C302EA1BD008BA492 /* PTDashBoardView.swift */,
				557D003D302EA1BD008BA492 /* PTGForceView.swift */,
				557D003E302EA1BD008BA492 /* PTIndicatorPanel.swift */,
				557D003F302EA1BD008BA492 /* PTLeanAngleView.swift */,
				557D0040302EA1BD008BA492 /* PTNowPlayingView.swift */,
				557D0041302EA1BD008BA492 /* PTPitchView.swift */,
				557D0042302EA1BD008BA492 /* PTSpeedometerView.swift */,
				557D0055302ED2A9008BA492 /* PTPeugeotLEDDashBoard.swift */,
				557D0057302EF46D008BA492 /* PTPeugeotDashBoardNavView.swift */,
			);
			path = Views;
			sourceTree = "<group>";
		};
		557D0052302ECD03008BA492 /* ViewController */ = {
			isa = PBXGroup;
			children = (
				557D003B302EA1BD008BA492 /* PTDashBoardBaseBoardViewController.swift */,
				557D0053302ECDAE008BA492 /* PTPeugeotDashBoardViewController.swift */,
			);
			path = ViewController;
			sourceTree = "<group>";
		};
		558789E2302420B500B94E91 /* Carplay */ = {
			isa = PBXGroup;
			children = (
				558789E3302420CB00B94E91 /* PTCarplayMainController.swift */,
				558789E530242B9400B94E91 /* PTCarPlayContainerViewController.swift */,
			);
			path = Carplay;
			sourceTree = "<group>";
		};
		55CA9DF23024528A00A3A677 /* OBD */ = {
			isa = PBXGroup;
			children = (
				55F1E2F03026D1DF0032EAD5 /* Function */,
				55CA9E17302457F300A3A677 /* ViewController */,
				55CA9DF33024529000A3A677 /* View */,
			);
			path = OBD;
			sourceTree = "<group>";
		};
		55CA9DF33024529000A3A677 /* View */ = {
			isa = PBXGroup;
			children = (
				55CA9DF4302452AA00A3A677 /* PTOBDDataView.swift */,
			);
			path = View;
			sourceTree = "<group>";
		};
		55CA9E17302457F300A3A677 /* ViewController */ = {
			isa = PBXGroup;
			children = (
				55CA9E183024582300A3A677 /* PTOBDDataViewControllerCollection.swift */,
			);
			path = ViewController;
			sourceTree = "<group>";
		};
		55E616B4301B88BF0075F883 /* BLE */ = {
			isa = PBXGroup;
			children = (
				55FE295A300CA4E8000E741F /* PTBluetoothManager.swift */,
				55FE2A5C300DF42A000E741F /* PTBLEConnectViewController.swift */,
			);
			path = BLE;
			sourceTree = "<group>";
		};
		55E616B6301B89310075F883 /* Location */ = {
			isa = PBXGroup;
			children = (
				55986641301141090049684D /* PTAntiTheftManager.swift */,
				55499CF63019B7DD00A1A2D9 /* PTGlobalMapManager.swift */,
				55986677301144840049684D /* PTGPXRecorder.swift */,
				5577E6212FD656D20004733F /* PTLocationEngine.swift */,
				55FE2A09300CE2B0000E741F /* PTMapKitNavigationHelper.swift */,
				5577E6AA2FD662C20004733F /* PTMapView.swift */,
				55499CFC3019EA0500A1A2D9 /* PTMotoDashBoardNavFunction.swift */,
				55FE29A2300CC258000E741F /* PTMotoNavigationViewController.swift */,
				55FDBCAA3010D6C200EE7FA5 /* PTMOTOParkingAnotationView.swift */,
				5590187130107A1C00A77571 /* PTRoutePlantCell.swift */,
			);
			path = Location;
			sourceTree = "<group>";
		};
		55E616B7301B89960075F883 /* Dev */ = {
			isa = PBXGroup;
			children = (
				55986686301150900049684D /* PTECUSnifferOverlay.swift */,
			);
			path = Dev;
			sourceTree = "<group>";
		};
		55E616B8301B89AA0075F883 /* Chat */ = {
			isa = PBXGroup;
			children = (
				55986BAC30179D500049684D /* PTNativeTelemetryChartView.swift */,
			);
			path = Chat;
			sourceTree = "<group>";
		};
		55F1E2F03026D1DF0032EAD5 /* Function */ = {
			isa = PBXGroup;
			children = (
				55F1E2F13026D2020032EAD5 /* PTHiddenOBDConnector.swift */,
				5512F331302B7F26001AFED4 /* PTOBDCommand.swift */,
				5512F398302C4CAC001AFED4 /* PTDashboardHacker.swift */,
				557D027930335603008BA492 /* PTCANRecorder.swift */,
				55F52C71303D4025007527C2 /* PTOBDiagnosticAddress.swift */,
				55F1E2F43026D2020032EAD5 /* PTUDSDiagnosticService.swift */,
			);
			path = Function;
			sourceTree = "<group>";
		};
		55F503B5300FC99000C5D085 /* Model */ = {
			isa = PBXGroup;
			children = (
				55F503B6300FC9AA00C5D085 /* PTLanguageModel.swift */,
			);
			path = Model;
			sourceTree = "<group>";
		};
		55F503B9300FCA1E00C5D085 /* Global */ = {
			isa = PBXGroup;
			children = (
				600000020000000000000030 /* PTVehicleConnectivityCoordinator.swift */,
				55F52C56303D4025007527C2 /* PTRideReviewAnalyzer.swift */,
				5598667A301147FD0049684D /* PTCustomRouteManager.swift */,
				55499CF93019D83800A1A2D9 /* PTDashboardBaseView.swift */,
				55FE2965300CA5E0000E741F /* PTDashboardConfig.swift */,
				55986832301330E00049684D /* PTDataCollectedViewController.swift */,
				5598667D301148290049684D /* PTDiagnosticManager.swift */,
				5598668030114A980049684D /* PTFuelRoutingManager.swift */,
				55986674301144060049684D /* PTMaintenanceManager.swift */,
				55FE2994300CBCB4000E741F /* PTMotoBaseTabbarController.swift */,
				55901836300FE37100A77571 /* PTMotoBaseViewController.swift */,
				55FDBCA73010CD6E00EE7FA5 /* PTMOTOParkingManager.swift */,
				55F503BA300FCA3100C5D085 /* PTMotoUserDefaultStruct.swift */,
				55986838301348FC0049684D /* PTNotificationCenter.swift */,
				5598668330114DF00049684D /* PTRoutingManager.swift */,
				5598663E301138A30049684D /* PTTripManager.swift */,
				559866C13011A71E0049684D /* SpeechSynthesizer.swift */,
			);
			path = Global;
			sourceTree = "<group>";
		};
		55F52C4C303D4025007527C2 /* PTSpeed */ = {
			isa = PBXGroup;
			children = (
				55F52C3B303D4025007527C2 /* AppDelegate.swift */,
				55F52C3C303D4025007527C2 /* Assets.xcassets */,
				55F52C5A303D4025007527C2 /* Config */,
				55F52C3D303D4025007527C2 /* Info.plist */,
				55F52C42303D4025007527C2 /* LaunchScreen.storyboard */,
				55F52C47303D4025007527C2 /* Main.storyboard */,
				55F52C48303D4025007527C2 /* PTCarPlaySceneDelegate.swift */,
				55F52C49303D4025007527C2 /* PTSpeed.entitlements */,
				55F52C4A303D4025007527C2 /* SceneDelegate.swift */,
				55F52C4B303D4025007527C2 /* ViewController.swift */,
				55F52C5C303D4025007527C2 /* PrivacyInfo.xcprivacy */,
			);
			path = PTSpeed;
			sourceTree = "<group>";
		};
		55F52C5A303D4025007527C2 /* Config */ = {
			isa = PBXGroup;
			children = (
				55F52C57303D4025007527C2 /* Debug.xcconfig */,
				55F52C58303D4025007527C2 /* Release.xcconfig */,
				55F52C59303D4025007527C2 /* Secrets.example.xcconfig */,
			);
			path = Config;
			sourceTree = "<group>";
		};
		55F52C5F303D4025007527C2 /* PTSpeedTests */ = {
			isa = PBXGroup;
			children = (
				55F52C5D303D4025007527C2 /* PTCoreTests.swift */,
			);
			path = PTSpeedTests;
			sourceTree = "<group>";
		};
		55FE2A75300DF93F000E741F /* Views */ = {
			isa = PBXGroup;
			children = (
				55FE2A76300DF95C000E741F /* PTMainProgressView.swift */,
				555C0FF8300E06630079D94F /* PTGlobalActionHeader.swift */,
				55986835301337DC0049684D /* PTTripDataCell.swift */,
				5541111E301F2B630059BFCF /* PTStatusItemView.swift */,
			);
			path = Views;
			sourceTree = "<group>";
		};
		59D3A021EFE75A7BF8504B6F /* Pods */ = {
			isa = PBXGroup;
			children = (
				D09A390A369C6CD52A68264C /* Pods-CrazyDashboard.debug.xcconfig */,
				2567A83A06A2B2498B880D19 /* Pods-CrazyDashboard.release.xcconfig */,
				D34B5AEEFEEEB370C9E04AED /* Pods-PTSpeed.debug.xcconfig */,
				FCB0604515CAED1E21FA36B8 /* Pods-PTSpeed.release.xcconfig */,
			);
			path = Pods;
			sourceTree = "<group>";
		};
		C8AF0651275D1EA16545F01B /* Frameworks */ = {
			isa = PBXGroup;
			children = (
				5577E6752FD657D20004733F /* libz.tbd */,
				561E4C337C3165E9409BE2DF /* Pods_CrazyDashboard.framework */,
				33464FDDE31899C7F87FB6EC /* Pods_PTSpeed.framework */,
				55499E09301AFCE800A1A2D9 /* WidgetKit.framework */,
				55499E0B301AFCE800A1A2D9 /* SwiftUI.framework */,
			);
			name = Frameworks;
			sourceTree = "<group>";
		};
/* End PBXGroup section */

/* Begin PBXNativeTarget section */
		55499E07301AFCE800A1A2D9 /* xp400WidgetExtension */ = {
			isa = PBXNativeTarget;
			buildConfigurationList = 55499E18301AFCEA00A1A2D9 /* Build configuration list for PBXNativeTarget "xp400WidgetExtension" */;
			buildPhases = (
				55499E04301AFCE800A1A2D9 /* Sources */,
				55499E05301AFCE800A1A2D9 /* Frameworks */,
				55499E06301AFCE800A1A2D9 /* Resources */,
			);
			buildRules = (
			);
			dependencies = (
			);
			fileSystemSynchronizedGroups = (
				55499E0D301AFCE800A1A2D9 /* xp400Widget */,
			);
			name = xp400WidgetExtension;
			productName = xp400WidgetExtension;
			productReference = 55499E08301AFCE800A1A2D9 /* xp400WidgetExtension.appex */;
			productType = "com.apple.product-type.app-extension";
		};
		555DC83E303820E3002B003B /* xp400watch Watch App */ = {
			isa = PBXNativeTarget;
			buildConfigurationList = 555DC84D303820E6002B003B /* Build configuration list for PBXNativeTarget "xp400watch Watch App" */;
			buildPhases = (
				555DC83B303820E3002B003B /* Sources */,
				555DC83C303820E3002B003B /* Frameworks */,
				555DC83D303820E3002B003B /* Resources */,
			);
			buildRules = (
			);
			dependencies = (
			);
			fileSystemSynchronizedGroups = (
				555DC840303820E3002B003B /* xp400watch Watch App */,
			);
			name = "xp400watch Watch App";
			productName = "xp400watch Watch App";
			productReference = 555DC83F303820E3002B003B /* xp400watch Watch App.app */;
			productType = "com.apple.product-type.application";
		};
		5577E6372FD657030004733F /* PTSpeed */ = {
			isa = PBXNativeTarget;
			buildConfigurationList = 5577E64A2FD657040004733F /* Build configuration list for PBXNativeTarget "PTSpeed" */;
			buildPhases = (
				8D14E83BDD5EE3D329E978F3 /* [CP] Check Pods Manifest.lock */,
				5577E6342FD657030004733F /* Sources */,
				5577E6352FD657030004733F /* Frameworks */,
				5577E6362FD657030004733F /* Resources */,
				1590859D94F7EB21C7EB385C /* [CP] Embed Pods Frameworks */,
				DE491308A2EC7C91DFABD672 /* [CP] Copy Pods Resources */,
				55499E1C301AFCEA00A1A2D9 /* Embed Foundation Extensions */,
				555DC84A303820E6002B003B /* Embed Watch Content */,
			);
			buildRules = (
			);
			dependencies = (
				55499E16301AFCEA00A1A2D9 /* PBXTargetDependency */,
				555DC848303820E6002B003B /* PBXTargetDependency */,
			);
			name = PTSpeed;
			productName = PTSpeed;
			productReference = 5577E6382FD657030004733F /* XP400Ride.app */;
			productType = "com.apple.product-type.application";
		};
		55F52C63303D4025007527C2 /* PTSpeedTests */ = {
			isa = PBXNativeTarget;
			buildConfigurationList = 55F52C64303D4025007527C2 /* Build configuration list for PBXNativeTarget "PTSpeedTests" */;
			buildPhases = (
				55F52C67303D4025007527C2 /* Sources */,
				55F52C68303D4025007527C2 /* Frameworks */,
				55F52C69303D4025007527C2 /* Resources */,
			);
			buildRules = (
			);
			dependencies = (
				55F52C65303D4025007527C2 /* PBXTargetDependency */,
			);
			name = PTSpeedTests;
			productName = PTSpeedTests;
			productReference = 55F52C62303D4025007527C2 /* PTSpeedTests.xctest */;
			productType = "com.apple.product-type.bundle.unit-test";
		};
/* End PBXNativeTarget section */

/* Begin PBXProject section */
		5577E5B52FD5C1DB0004733F /* Project object */ = {
			isa = PBXProject;
			attributes = {
				BuildIndependentTargetsInParallel = 1;
				LastSwiftUpdateCheck = 2700;
				LastUpgradeCheck = 2700;
				TargetAttributes = {
					55499E07301AFCE800A1A2D9 = {
						CreatedOnToolsVersion = 27.0;
					};
					555DC83E303820E3002B003B = {
						CreatedOnToolsVersion = 27.0;
					};
					5577E6372FD657030004733F = {
						CreatedOnToolsVersion = 26.5;
					};
					55F52C63303D4025007527C2 = {
						CreatedOnToolsVersion = 27.0;
						TestTargetID = 5577E6372FD657030004733F;
					};
				};
			};
			buildConfigurationList = 5577E5B82FD5C1DB0004733F /* Build configuration list for PBXProject "CrazyDashboard" */;
			developmentRegion = "zh-Hans";
			hasScannedForEncodings = 0;
			knownRegions = (
				en,
				Base,
				"zh-Hans",
				tr,
				"zh-Hant",
			);
			mainGroup = 5577E5B42FD5C1DB0004733F;
			minimizedProjectReferenceProxies = 1;
			packageReferences = (
				55E61690301B45B50075F883 /* XCRemoteSwiftPackageReference "qweather-ios-sdk" */,
			);
			preferredProjectObjectVersion = 77;
			productRefGroup = 5577E5BE2FD5C1DB0004733F /* Products */;
			projectDirPath = "";
			projectRoot = "";
			targets = (
				5577E6372FD657030004733F /* PTSpeed */,
				55499E07301AFCE800A1A2D9 /* xp400WidgetExtension */,
				555DC83E303820E3002B003B /* xp400watch Watch App */,
				55F52C63303D4025007527C2 /* PTSpeedTests */,
			);
		};
/* End PBXProject section */

/* Begin PBXResourcesBuildPhase section */
		55499E06301AFCE800A1A2D9 /* Resources */ = {
			isa = PBXResourcesBuildPhase;
			buildActionMask = 2147483647;
			files = (
				554112933021DC830059BFCF /* GlobalAssets.xcassets in Resources */,
			);
			runOnlyForDeploymentPostprocessing = 0;
		};
		555DC83D303820E3002B003B /* Resources */ = {
			isa = PBXResourcesBuildPhase;
			buildActionMask = 2147483647;
			files = (
			);
			runOnlyForDeploymentPostprocessing = 0;
		};
		5577E6362FD657030004733F /* Resources */ = {
			isa = PBXResourcesBuildPhase;
			buildActionMask = 2147483647;
			files = (
				55F503AC300FBDCE00C5D085 /* GlobalAssets.xcassets in Resources */,
				5598676E3011C9720049684D /* Settings.bundle in Resources */,
				55F52C4D303D4025007527C2 /* Assets.xcassets in Resources */,
				55F52C4F303D4025007527C2 /* LaunchScreen.storyboard in Resources */,
				55F52C50303D4025007527C2 /* Main.storyboard in Resources */,
				55F52C5B303D4025007527C2 /* PrivacyInfo.xcprivacy in Resources */,
				55FE2A6F300DF836000E741F /* Localizable.strings in Resources */,
			);
			runOnlyForDeploymentPostprocessing = 0;
		};
		55F52C69303D4025007527C2 /* Resources */ = {
			isa = PBXResourcesBuildPhase;
			buildActionMask = 2147483647;
			files = (
			);
			runOnlyForDeploymentPostprocessing = 0;
		};
/* End PBXResourcesBuildPhase section */

/* Begin PBXShellScriptBuildPhase section */
		1590859D94F7EB21C7EB385C /* [CP] Embed Pods Frameworks */ = {
			isa = PBXShellScriptBuildPhase;
			buildActionMask = 2147483647;
			files = (
			);
			inputFileListPaths = (
				"${PODS_ROOT}/Target Support Files/Pods-PTSpeed/Pods-PTSpeed-frameworks-${CONFIGURATION}-input-files.xcfilelist",
			);
			inputPaths = (
			);
			name = "[CP] Embed Pods Frameworks";
			outputFileListPaths = (
				"${PODS_ROOT}/Target Support Files/Pods-PTSpeed/Pods-PTSpeed-frameworks-${CONFIGURATION}-output-files.xcfilelist",
			);
			outputPaths = (
			);
			runOnlyForDeploymentPostprocessing = 0;
			shellPath = /bin/sh;
			shellScript = "\"${PODS_ROOT}/Target Support Files/Pods-PTSpeed/Pods-PTSpeed-frameworks.sh\"\n";
			showEnvVarsInLog = 0;
		};
		8D14E83BDD5EE3D329E978F3 /* [CP] Check Pods Manifest.lock */ = {
			isa = PBXShellScriptBuildPhase;
			buildActionMask = 2147483647;
			files = (
			);
			inputFileListPaths = (
			);
			inputPaths = (
				"${PODS_PODFILE_DIR_PATH}/Podfile.lock",
				"${PODS_ROOT}/Manifest.lock",
			);
			name = "[CP] Check Pods Manifest.lock";
			outputFileListPaths = (
			);
			outputPaths = (
				"$(DERIVED_FILE_DIR)/Pods-PTSpeed-checkManifestLockResult.txt",
			);
			runOnlyForDeploymentPostprocessing = 0;
			shellPath = /bin/sh;
			shellScript = "diff \"${PODS_PODFILE_DIR_PATH}/Podfile.lock\" \"${PODS_ROOT}/Manifest.lock\" > /dev/null\nif [ $? != 0 ] ; then\n    # print error to STDERR\n    echo \"error: The sandbox is not in sync with the Podfile.lock. Run 'pod install' or update your CocoaPods installation.\" >&2\n    exit 1\nfi\n# This output is used by Xcode 'outputs' to avoid re-running this script phase.\necho \"SUCCESS\" > \"${SCRIPT_OUTPUT_FILE_0}\"\n";
			showEnvVarsInLog = 0;
		};
		DE491308A2EC7C91DFABD672 /* [CP] Copy Pods Resources */ = {
			isa = PBXShellScriptBuildPhase;
			buildActionMask = 2147483647;
			files = (
			);
			inputFileListPaths = (
				"${PODS_ROOT}/Target Support Files/Pods-PTSpeed/Pods-PTSpeed-resources-${CONFIGURATION}-input-files.xcfilelist",
			);
			inputPaths = (
			);
			name = "[CP] Copy Pods Resources";
			outputFileListPaths = (
				"${PODS_ROOT}/Target Support Files/Pods-PTSpeed/Pods-PTSpeed-resources-${CONFIGURATION}-output-files.xcfilelist",
			);
			outputPaths = (
			);
			runOnlyForDeploymentPostprocessing = 0;
			shellPath = /bin/sh;
			shellScript = "\"${PODS_ROOT}/Target Support Files/Pods-PTSpeed/Pods-PTSpeed-resources.sh\"\n";
			showEnvVarsInLog = 0;
		};
/* End PBXShellScriptBuildPhase section */

/* Begin PBXSourcesBuildPhase section */
		55499E04301AFCE800A1A2D9 /* Sources */ = {
			isa = PBXSourcesBuildPhase;
			buildActionMask = 2147483647;
			files = (
				600000010000000000000021 /* PTWidgetSharedStatus.swift in Sources */,
				55499E1D301B14DD00A1A2D9 /* PTLiveActivityManager.swift in Sources */,
			);
			runOnlyForDeploymentPostprocessing = 0;
		};
		555DC83B303820E3002B003B /* Sources */ = {
			isa = PBXSourcesBuildPhase;
			buildActionMask = 2147483647;
			files = (
				600000010000000000000022 /* PTWidgetSharedStatus.swift in Sources */,
			);
			runOnlyForDeploymentPostprocessing = 0;
		};
		5577E6342FD657030004733F /* Sources */ = {
			isa = PBXSourcesBuildPhase;
			buildActionMask = 2147483647;
			files = (
				55F52C55303D4025007527C2 /* PTRideReviewAnalyzer.swift in Sources */,
				600000010000000000000020 /* PTWidgetSharedStatus.swift in Sources */,
				600000010000000000000023 /* PTWatchConnectivityManager.swift in Sources */,
				55CA9E193024582300A3A677 /* PTOBDDataViewControllerCollection.swift in Sources */,
				559866C23011A71E0049684D /* SpeechSynthesizer.swift in Sources */,
				55FE2995300CBCB4000E741F /* PTMotoBaseTabbarController.swift in Sources */,
				55FE29A6300CC2E2000E741F /* PTMotoSettingViewController.swift in Sources */,
				55CA9DF5302452AA00A3A677 /* PTOBDDataView.swift in Sources */,
				558789E630242B9400B94E91 /* PTCarPlayContainerViewController.swift in Sources */,
				5598667C301147FD0049684D /* PTCustomRouteManager.swift in Sources */,
				55F1E2F23026D2020032EAD5 /* PTHiddenOBDConnector.swift in Sources */,
				55499E03301AFC2200A1A2D9 /* PTWidgetManager.swift in Sources */,
				555C0FF9300E06630079D94F /* PTGlobalActionHeader.swift in Sources */,
				55986687301150900049684D /* PTECUSnifferOverlay.swift in Sources */,
				55F52C51303D4025007527C2 /* AppDelegate.swift in Sources */,
				55F52C52303D4025007527C2 /* PTCarPlaySceneDelegate.swift in Sources */,
				55F52C53303D4025007527C2 /* SceneDelegate.swift in Sources */,
				55F52C54303D4025007527C2 /* ViewController.swift in Sources */,
				5598668230114A980049684D /* PTFuelRoutingManager.swift in Sources */,
				5577E6D22FD680730004733F /* PTTripStatsView.swift in Sources */,
				55986834301330E00049684D /* PTDataCollectedViewController.swift in Sources */,
				5577E64F2FD6572A0004733F /* PTLocationEngine.swift in Sources */,
				557D0044302EA1BD008BA492 /* PTBumpMeterView.swift in Sources */,
				557D0045302EA1BD008BA492 /* PTCompassRollerView.swift in Sources */,
				557D0046302EA1BD008BA492 /* PTCrashWarningView.swift in Sources */,
				557D0047302EA1BD008BA492 /* PTDashBoardBaseBoardViewController.swift in Sources */,
				557D0048302EA1BD008BA492 /* PTDashBoardView.swift in Sources */,
				557D0049302EA1BD008BA492 /* PTGForceView.swift in Sources */,
				557D004A302EA1BD008BA492 /* PTIndicatorPanel.swift in Sources */,
				557D004B302EA1BD008BA492 /* PTLeanAngleView.swift in Sources */,
				557D004C302EA1BD008BA492 /* PTNowPlayingView.swift in Sources */,
				557D004D302EA1BD008BA492 /* PTPitchView.swift in Sources */,
				557D004E302EA1BD008BA492 /* PTSpeedometerView.swift in Sources */,
				55FE2A5E300DF42A000E741F /* PTBLEConnectViewController.swift in Sources */,
				5598683A301348FC0049684D /* PTNotificationCenter.swift in Sources */,
				55986640301138A30049684D /* PTTripManager.swift in Sources */,
				554110DB301E65AB0059BFCF /* PTLiDARCollisionManager.swift in Sources */,
				55FE295C300CA4E8000E741F /* PTBluetoothManager.swift in Sources */,
				55499CFA3019D83800A1A2D9 /* PTDashboardBaseView.swift in Sources */,
				557D0056302ED2A9008BA492 /* PTPeugeotLEDDashBoard.swift in Sources */,
				5590187230107A1C00A77571 /* PTRoutePlantCell.swift in Sources */,
				55FE2966300CA5E0000E741F /* PTDashboardConfig.swift in Sources */,
				600000010000000000000030 /* PTVehicleConnectivityCoordinator.swift in Sources */,
				55FE2A0B300CE2B0000E741F /* PTMapKitNavigationHelper.swift in Sources */,
				55FDBCAC3010D6C200EE7FA5 /* PTMOTOParkingAnotationView.swift in Sources */,
				55FE29A1300CC1F1000E741F /* PTMotoInfoViewController.swift in Sources */,
				557D027A30335603008BA492 /* PTCANRecorder.swift in Sources */,
				55F1E2F53026D2020032EAD5 /* PTUDSDiagnosticService.swift in Sources */,
				55F52C70303D4025007527C2 /* PTOBDiagnosticAddress.swift in Sources */,
				557D0051302EA1E3008BA492 /* PTArcGaugeView.swift in Sources */,
				558789E4302420CB00B94E91 /* PTCarplayMainController.swift in Sources */,
				55499CFE3019EA0500A1A2D9 /* PTMotoDashBoardNavFunction.swift in Sources */,
				55FE2A77300DF95C000E741F /* PTMainProgressView.swift in Sources */,
				55FE29A3300CC258000E741F /* PTMotoNavigationViewController.swift in Sources */,
				55986836301337DC0049684D /* PTTripDataCell.swift in Sources */,
				55499DFF301AFA2300A1A2D9 /* PTLiveActivityManager.swift in Sources */,
				55986642301141090049684D /* PTAntiTheftManager.swift in Sources */,
				55F503B7300FC9AA00C5D085 /* PTLanguageModel.swift in Sources */,
				55499E29301B2BBB00A1A2D9 /* PTLocalIntercomManager.swift in Sources */,
				5598667E301148290049684D /* PTDiagnosticManager.swift in Sources */,
				55901837300FE37100A77571 /* PTMotoBaseViewController.swift in Sources */,
				55499CF73019B7DD00A1A2D9 /* PTGlobalMapManager.swift in Sources */,
				55986BAE30179D500049684D /* PTNativeTelemetryChartView.swift in Sources */,
				55499E24301B204A00A1A2D9 /* PTWeatherManager.swift in Sources */,
				5512F3DE302C8CA7001AFED4 /* PTBLELogger.swift in Sources */,
				5598668430114DF00049684D /* PTRoutingManager.swift in Sources */,
				55986679301144840049684D /* PTGPXRecorder.swift in Sources */,
				5512F399302C4CAC001AFED4 /* PTDashboardHacker.swift in Sources */,
				55499E1F301B1F4F00A1A2D9 /* PTWeatherOverlayView.swift in Sources */,
				557D0058302EF46D008BA492 /* PTPeugeotDashBoardNavView.swift in Sources */,
				55F503BB300FCA3100C5D085 /* PTMotoUserDefaultStruct.swift in Sources */,
				5512F332302B7F26001AFED4 /* PTOBDCommand.swift in Sources */,
				55FDBCA93010CD6E00EE7FA5 /* PTMOTOParkingManager.swift in Sources */,
				5541111F301F2B630059BFCF /* PTStatusItemView.swift in Sources */,
				55986676301144060049684D /* PTMaintenanceManager.swift in Sources */,
				55499E2C301B2C8800A1A2D9 /* PTPTTViewController.swift in Sources */,
				557D0054302ECDAE008BA492 /* PTPeugeotDashBoardViewController.swift in Sources */,
				5577E6AC2FD662C20004733F /* PTMapView.swift in Sources */,
			);
			runOnlyForDeploymentPostprocessing = 0;
		};
		55F52C67303D4025007527C2 /* Sources */ = {
			isa = PBXSourcesBuildPhase;
			buildActionMask = 2147483647;
			files = (
				55F52C5E303D4025007527C2 /* PTCoreTests.swift in Sources */,
			);
			runOnlyForDeploymentPostprocessing = 0;
		};
/* End PBXSourcesBuildPhase section */

/* Begin PBXTargetDependency section */
		55499E16301AFCEA00A1A2D9 /* PBXTargetDependency */ = {
			isa = PBXTargetDependency;
			target = 55499E07301AFCE800A1A2D9 /* xp400WidgetExtension */;
			targetProxy = 55499E15301AFCEA00A1A2D9 /* PBXContainerItemProxy */;
		};
		555DC848303820E6002B003B /* PBXTargetDependency */ = {
			isa = PBXTargetDependency;
			target = 555DC83E303820E3002B003B /* xp400watch Watch App */;
			targetProxy = 555DC847303820E6002B003B /* PBXContainerItemProxy */;
		};
		55F52C65303D4025007527C2 /* PBXTargetDependency */ = {
			isa = PBXTargetDependency;
			target = 5577E6372FD657030004733F /* PTSpeed */;
			targetProxy = 55F52C66303D4025007527C2 /* PBXContainerItemProxy */;
		};
/* End PBXTargetDependency section */

/* Begin PBXVariantGroup section */
		55F52C42303D4025007527C2 /* LaunchScreen.storyboard */ = {
			isa = PBXVariantGroup;
			children = (
				55F52C3E303D4025007527C2 /* Base */,
				55F52C3F303D4025007527C2 /* zh-Hans */,
				55F52C40303D4025007527C2 /* tr */,
				55F52C41303D4025007527C2 /* zh-Hant */,
			);
			name = LaunchScreen.storyboard;
			sourceTree = "<group>";
		};
		55F52C47303D4025007527C2 /* Main.storyboard */ = {
			isa = PBXVariantGroup;
			children = (
				55F52C43303D4025007527C2 /* Base */,
				55F52C44303D4025007527C2 /* zh-Hans */,
				55F52C45303D4025007527C2 /* tr */,
				55F52C46303D4025007527C2 /* zh-Hant */,
			);
			name = Main.storyboard;
			sourceTree = "<group>";
		};
		55FE2A6D300DF836000E741F /* Localizable.strings */ = {
			isa = PBXVariantGroup;
			children = (
				55FE2A6E300DF836000E741F /* zh-Hans */,
				55FE2A73300DF870000E741F /* en */,
				55FE2A74300DF876000E741F /* tr */,
				55F503C1300FCB8E00C5D085 /* zh-Hant */,
			);
			name = Localizable.strings;
			sourceTree = "<group>";
		};
/* End PBXVariantGroup section */

/* Begin XCBuildConfiguration section */
		55499E19301AFCEA00A1A2D9 /* Debug */ = {
			isa = XCBuildConfiguration;
			buildSettings = {
				ASSETCATALOG_COMPILER_GLOBAL_ACCENT_COLOR_NAME = AccentColor;
				ASSETCATALOG_COMPILER_WIDGET_BACKGROUND_COLOR_NAME = WidgetBackground;
				CODE_SIGN_ENTITLEMENTS = xp400WidgetExtension.entitlements;
				CODE_SIGN_STYLE = Automatic;
				CURRENT_PROJECT_VERSION = 38;
				DEVELOPMENT_TEAM = 5U99J43536;
				GENERATE_INFOPLIST_FILE = YES;
				INFOPLIST_FILE = xp400Widget/Info.plist;
				INFOPLIST_KEY_CFBundleDisplayName = xp400Widget;
				INFOPLIST_KEY_NSHumanReadableCopyright = "";
				IPHONEOS_DEPLOYMENT_TARGET = 17.0;
				LD_RUNPATH_SEARCH_PATHS = (
					"$(inherited)",
					"@executable_path/Frameworks",
					"@executable_path/../../Frameworks",
				);
				MARKETING_VERSION = 2.0.8;
				PRODUCT_BUNDLE_IDENTIFIER = com.yd.PTSpeed.xp400Widget;
				PRODUCT_NAME = "$(TARGET_NAME)";
				REGISTER_APP_GROUPS = YES;
				SKIP_INSTALL = YES;
				STRING_CATALOG_GENERATE_SYMBOLS = YES;
				SWIFT_APPROACHABLE_CONCURRENCY = YES;
				SWIFT_EMIT_LOC_STRINGS = YES;
				SWIFT_UPCOMING_FEATURE_MEMBER_IMPORT_VISIBILITY = YES;
				SWIFT_VERSION = 5.0;
				TARGETED_DEVICE_FAMILY = "1,2";
			};
			name = Debug;
		};
		55499E1A301AFCEA00A1A2D9 /* Release */ = {
			isa = XCBuildConfiguration;
			buildSettings = {
				ASSETCATALOG_COMPILER_GLOBAL_ACCENT_COLOR_NAME = AccentColor;
				ASSETCATALOG_COMPILER_WIDGET_BACKGROUND_COLOR_NAME = WidgetBackground;
				CODE_SIGN_ENTITLEMENTS = xp400WidgetExtension.entitlements;
				CODE_SIGN_STYLE = Automatic;
				CURRENT_PROJECT_VERSION = 38;
				DEVELOPMENT_TEAM = 5U99J43536;
				GENERATE_INFOPLIST_FILE = YES;
				INFOPLIST_FILE = xp400Widget/Info.plist;
				INFOPLIST_KEY_CFBundleDisplayName = xp400Widget;
				INFOPLIST_KEY_NSHumanReadableCopyright = "";
				IPHONEOS_DEPLOYMENT_TARGET = 17.0;
				LD_RUNPATH_SEARCH_PATHS = (
					"$(inherited)",
					"@executable_path/Frameworks",
					"@executable_path/../../Frameworks",
				);
				MARKETING_VERSION = 2.0.8;
				PRODUCT_BUNDLE_IDENTIFIER = com.yd.PTSpeed.xp400Widget;
				PRODUCT_NAME = "$(TARGET_NAME)";
				REGISTER_APP_GROUPS = YES;
				SKIP_INSTALL = YES;
				STRING_CATALOG_GENERATE_SYMBOLS = YES;
				SWIFT_APPROACHABLE_CONCURRENCY = YES;
				SWIFT_EMIT_LOC_STRINGS = YES;
				SWIFT_UPCOMING_FEATURE_MEMBER_IMPORT_VISIBILITY = YES;
				SWIFT_VERSION = 5.0;
				TARGETED_DEVICE_FAMILY = "1,2";
			};
			name = Release;
		};
		555DC84B303820E6002B003B /* Debug */ = {
			isa = XCBuildConfiguration;
			buildSettings = {
				ASSETCATALOG_COMPILER_APPICON_NAME = AppIcon;
				ASSETCATALOG_COMPILER_GLOBAL_ACCENT_COLOR_NAME = AccentColor;
				CODE_SIGN_ENTITLEMENTS = "xp400watch Watch App/xp400watch Watch App.entitlements";
				CODE_SIGN_STYLE = Automatic;
				CURRENT_PROJECT_VERSION = 38;
				DEVELOPMENT_TEAM = 5U99J43536;
				ENABLE_PREVIEWS = YES;
				GENERATE_INFOPLIST_FILE = YES;
				INFOPLIST_KEY_CFBundleDisplayName = xp400watch;
				INFOPLIST_KEY_UISupportedInterfaceOrientations = "UIInterfaceOrientationPortrait UIInterfaceOrientationPortraitUpsideDown";
				INFOPLIST_KEY_WKApplication = YES;
				INFOPLIST_KEY_WKCompanionAppBundleIdentifier = com.yd.PTSpeed;
				LD_RUNPATH_SEARCH_PATHS = (
					"$(inherited)",
					"@executable_path/Frameworks",
				);
				MARKETING_VERSION = 2.0.8;
				PRODUCT_BUNDLE_IDENTIFIER = com.yd.PTSpeed.watchkitapp;
				PRODUCT_NAME = "$(TARGET_NAME)";
				SDKROOT = watchos;
				SKIP_INSTALL = YES;
				STRING_CATALOG_GENERATE_SYMBOLS = YES;
				SWIFT_APPROACHABLE_CONCURRENCY = YES;
				SWIFT_DEFAULT_ACTOR_ISOLATION = MainActor;
				SWIFT_EMIT_LOC_STRINGS = YES;
				SWIFT_UPCOMING_FEATURE_MEMBER_IMPORT_VISIBILITY = YES;
				SWIFT_VERSION = 5.0;
				TARGETED_DEVICE_FAMILY = 4;
				WATCHOS_DEPLOYMENT_TARGET = 10.6;
			};
			name = Debug;
		};
		555DC84C303820E6002B003B /* Release */ = {
			isa = XCBuildConfiguration;
			buildSettings = {
				ASSETCATALOG_COMPILER_APPICON_NAME = AppIcon;
				ASSETCATALOG_COMPILER_GLOBAL_ACCENT_COLOR_NAME = AccentColor;
				CODE_SIGN_ENTITLEMENTS = "xp400watch Watch App/xp400watch Watch App.entitlements";
				CODE_SIGN_STYLE = Automatic;
				CURRENT_PROJECT_VERSION = 38;
				DEVELOPMENT_TEAM = 5U99J43536;
				ENABLE_PREVIEWS = YES;
				GENERATE_INFOPLIST_FILE = YES;
				INFOPLIST_KEY_CFBundleDisplayName = xp400watch;
				INFOPLIST_KEY_UISupportedInterfaceOrientations = "UIInterfaceOrientationPortrait UIInterfaceOrientationPortraitUpsideDown";
				INFOPLIST_KEY_WKApplication = YES;
				INFOPLIST_KEY_WKCompanionAppBundleIdentifier = com.yd.PTSpeed;
				LD_RUNPATH_SEARCH_PATHS = (
					"$(inherited)",
					"@executable_path/Frameworks",
				);
				MARKETING_VERSION = 2.0.8;
				PRODUCT_BUNDLE_IDENTIFIER = com.yd.PTSpeed.watchkitapp;
				PRODUCT_NAME = "$(TARGET_NAME)";
				SDKROOT = watchos;
				SKIP_INSTALL = YES;
				STRING_CATALOG_GENERATE_SYMBOLS = YES;
				SWIFT_APPROACHABLE_CONCURRENCY = YES;
				SWIFT_DEFAULT_ACTOR_ISOLATION = MainActor;
				SWIFT_EMIT_LOC_STRINGS = YES;
				SWIFT_UPCOMING_FEATURE_MEMBER_IMPORT_VISIBILITY = YES;
				SWIFT_VERSION = 5.0;
				TARGETED_DEVICE_FAMILY = 4;
				WATCHOS_DEPLOYMENT_TARGET = 10.6;
			};
			name = Release;
		};
		5577E5D32FD5C1DD0004733F /* Debug */ = {
			isa = XCBuildConfiguration;
			buildSettings = {
				ALWAYS_SEARCH_USER_PATHS = NO;
				ASSETCATALOG_COMPILER_GENERATE_SWIFT_ASSET_SYMBOL_EXTENSIONS = YES;
				CLANG_ANALYZER_LOCALIZABILITY_NONLOCALIZED = YES;
				CLANG_ANALYZER_NONNULL = YES;
				CLANG_ANALYZER_NUMBER_OBJECT_CONVERSION = YES_AGGRESSIVE;
				CLANG_CXX_LANGUAGE_STANDARD = "gnu++20";
				CLANG_ENABLE_MODULES = YES;
				CLANG_ENABLE_OBJC_ARC = YES;
				CLANG_ENABLE_OBJC_WEAK = YES;
				CLANG_WARN_BLOCK_CAPTURE_AUTORELEASING = YES;
				CLANG_WARN_BOOL_CONVERSION = YES;
				CLANG_WARN_COMMA = YES;
				CLANG_WARN_CONSTANT_CONVERSION = YES;
				CLANG_WARN_DEPRECATED_OBJC_IMPLEMENTATIONS = YES;
				CLANG_WARN_DIRECT_OBJC_ISA_USAGE = YES_ERROR;
				CLANG_WARN_DOCUMENTATION_COMMENTS = YES;
				CLANG_WARN_EMPTY_BODY = YES;
				CLANG_WARN_ENUM_CONVERSION = YES;
				CLANG_WARN_INFINITE_RECURSION = YES;
				CLANG_WARN_INT_CONVERSION = YES;
				CLANG_WARN_NON_LITERAL_NULL_CONVERSION = YES;
				CLANG_WARN_OBJC_IMPLICIT_RETAIN_SELF = YES;
				CLANG_WARN_OBJC_LITERAL_CONVERSION = YES;
				CLANG_WARN_OBJC_ROOT_CLASS = YES_ERROR;
				CLANG_WARN_QUOTED_INCLUDE_IN_FRAMEWORK_HEADER = YES;
				CLANG_WARN_RANGE_LOOP_ANALYSIS = YES;
				CLANG_WARN_STRICT_PROTOTYPES = YES;
				CLANG_WARN_SUSPICIOUS_MOVE = YES;
				CLANG_WARN_UNGUARDED_AVAILABILITY = YES_AGGRESSIVE;
				CLANG_WARN_UNREACHABLE_CODE = YES;
				CLANG_WARN__DUPLICATE_METHOD_MATCH = YES;
				COPY_PHASE_STRIP = NO;
				DEBUG_INFORMATION_FORMAT = dwarf;
				DEVELOPMENT_TEAM = 5U99J43536;
				ENABLE_STRICT_OBJC_MSGSEND = YES;
				ENABLE_TESTABILITY = YES;
				ENABLE_USER_SCRIPT_SANDBOXING = YES;
				GCC_C_LANGUAGE_STANDARD = gnu17;
				GCC_DYNAMIC_NO_PIC = NO;
				GCC_NO_COMMON_BLOCKS = YES;
				GCC_OPTIMIZATION_LEVEL = 0;
				GCC_PREPROCESSOR_DEFINITIONS = (
					"DEBUG=1",
					"$(inherited)",
				);
				GCC_WARN_64_TO_32_BIT_CONVERSION = YES;
				GCC_WARN_ABOUT_RETURN_TYPE = YES_ERROR;
				GCC_WARN_UNDECLARED_SELECTOR = YES;
				GCC_WARN_UNINITIALIZED_AUTOS = YES_AGGRESSIVE;
				GCC_WARN_UNUSED_FUNCTION = YES;
				GCC_WARN_UNUSED_VARIABLE = YES;
				IPHONEOS_DEPLOYMENT_TARGET = 17.6;
				LOCALIZATION_PREFERS_STRING_CATALOGS = YES;
				MTL_ENABLE_DEBUG_INFO = INCLUDE_SOURCE;
				MTL_FAST_MATH = YES;
				ONLY_ACTIVE_ARCH = YES;
				SDKROOT = iphoneos;
				STRING_CATALOG_GENERATE_SYMBOLS = YES;
				SWIFT_ACTIVE_COMPILATION_CONDITIONS = "DEBUG $(inherited)";
				SWIFT_OPTIMIZATION_LEVEL = "-Onone";
			};
			name = Debug;
		};
		5577E5D42FD5C1DD0004733F /* Release */ = {
			isa = XCBuildConfiguration;
			buildSettings = {
				ALWAYS_SEARCH_USER_PATHS = NO;
				ASSETCATALOG_COMPILER_GENERATE_SWIFT_ASSET_SYMBOL_EXTENSIONS = YES;
				CLANG_ANALYZER_LOCALIZABILITY_NONLOCALIZED = YES;
				CLANG_ANALYZER_NONNULL = YES;
				CLANG_ANALYZER_NUMBER_OBJECT_CONVERSION = YES_AGGRESSIVE;
				CLANG_CXX_LANGUAGE_STANDARD = "gnu++20";
				CLANG_ENABLE_MODULES = YES;
				CLANG_ENABLE_OBJC_ARC = YES;
				CLANG_ENABLE_OBJC_WEAK = YES;
				CLANG_WARN_BLOCK_CAPTURE_AUTORELEASING = YES;
				CLANG_WARN_BOOL_CONVERSION = YES;
				CLANG_WARN_COMMA = YES;
				CLANG_WARN_CONSTANT_CONVERSION = YES;
				CLANG_WARN_DEPRECATED_OBJC_IMPLEMENTATIONS = YES;
				CLANG_WARN_DIRECT_OBJC_ISA_USAGE = YES_ERROR;
				CLANG_WARN_DOCUMENTATION_COMMENTS = YES;
				CLANG_WARN_EMPTY_BODY = YES;
				CLANG_WARN_ENUM_CONVERSION = YES;
				CLANG_WARN_INFINITE_RECURSION = YES;
				CLANG_WARN_INT_CONVERSION = YES;
				CLANG_WARN_NON_LITERAL_NULL_CONVERSION = YES;
				CLANG_WARN_OBJC_IMPLICIT_RETAIN_SELF = YES;
				CLANG_WARN_OBJC_LITERAL_CONVERSION = YES;
				CLANG_WARN_OBJC_ROOT_CLASS = YES_ERROR;
				CLANG_WARN_QUOTED_INCLUDE_IN_FRAMEWORK_HEADER = YES;
				CLANG_WARN_RANGE_LOOP_ANALYSIS = YES;
				CLANG_WARN_STRICT_PROTOTYPES = YES;
				CLANG_WARN_SUSPICIOUS_MOVE = YES;
				CLANG_WARN_UNGUARDED_AVAILABILITY = YES_AGGRESSIVE;
				CLANG_WARN_UNREACHABLE_CODE = YES;
				CLANG_WARN__DUPLICATE_METHOD_MATCH = YES;
				COPY_PHASE_STRIP = NO;
				DEBUG_INFORMATION_FORMAT = "dwarf-with-dsym";
				DEVELOPMENT_TEAM = 5U99J43536;
				ENABLE_NS_ASSERTIONS = NO;
				ENABLE_STRICT_OBJC_MSGSEND = YES;
				ENABLE_USER_SCRIPT_SANDBOXING = YES;
				GCC_C_LANGUAGE_STANDARD = gnu17;
				GCC_NO_COMMON_BLOCKS = YES;
				GCC_WARN_64_TO_32_BIT_CONVERSION = YES;
				GCC_WARN_ABOUT_RETURN_TYPE = YES_ERROR;
				GCC_WARN_UNDECLARED_SELECTOR = YES;
				GCC_WARN_UNINITIALIZED_AUTOS = YES_AGGRESSIVE;
				GCC_WARN_UNUSED_FUNCTION = YES;
				GCC_WARN_UNUSED_VARIABLE = YES;
				IPHONEOS_DEPLOYMENT_TARGET = 17.6;
				LOCALIZATION_PREFERS_STRING_CATALOGS = YES;
				MTL_ENABLE_DEBUG_INFO = NO;
				MTL_FAST_MATH = YES;
				SDKROOT = iphoneos;
				STRING_CATALOG_GENERATE_SYMBOLS = YES;
				SWIFT_COMPILATION_MODE = wholemodule;
				VALIDATE_PRODUCT = YES;
			};
			name = Release;
		};
		5577E64B2FD657040004733F /* Debug */ = {
			isa = XCBuildConfiguration;
			baseConfigurationReference = 55F52C57303D4025007527C2 /* Debug.xcconfig */;
			buildSettings = {
				ASSETCATALOG_COMPILER_APPICON_NAME = AppIcon;
				ASSETCATALOG_COMPILER_GLOBAL_ACCENT_COLOR_NAME = AccentColor;
				CODE_SIGN_ENTITLEMENTS = PTSpeed/PTSpeed.entitlements;
				CODE_SIGN_STYLE = Automatic;
				CURRENT_PROJECT_VERSION = 38;
				DEVELOPMENT_TEAM = 5U99J43536;
				GENERATE_INFOPLIST_FILE = YES;
				INFOPLIST_FILE = PTSpeed/Info.plist;
				INFOPLIST_KEY_CFBundleDisplayName = XP400RIDE;
				INFOPLIST_KEY_NSAppleMusicUsageDescription = "用于导航语音和音乐信息 / Para indicaciones de voz e información musical";
				INFOPLIST_KEY_NSBluetoothAlwaysUsageDescription = "用于连接摩托车仪表并读取车辆数据 / Para conectar el cuadro de la moto y leer sus datos";
				INFOPLIST_KEY_NSLocalNetworkUsageDescription = "用于发现同组骑手并进行对讲 / Para descubrir a los pilotos del grupo y usar el intercomunicador";
				INFOPLIST_KEY_NSLocationAlwaysAndWhenInUseUsageDescription = "用于记录骑行路线、停车位置和防盗状态 / Para registrar la ruta, el aparcamiento y el estado antirrobo";
				INFOPLIST_KEY_NSLocationAlwaysUsageDescription = "用于后台记录骑行路线和防盗状态 / Para registrar la ruta y el estado antirrobo en segundo plano";
				INFOPLIST_KEY_NSLocationWhenInUseUsageDescription = "用于记录骑行路线和当前位置 / Para registrar la ruta y la ubicación actual";
				INFOPLIST_KEY_NSMicrophoneUsageDescription = "用于摩托车组群语音对讲 / Para el intercomunicador de voz del grupo de motos";
				INFOPLIST_KEY_NSMotionUsageDescription = "用于识别骑行姿态和加速度变化 / Para detectar la postura y los cambios de aceleración durante la ruta";
				INFOPLIST_KEY_NSPhotoLibraryAddUsageDescription = "用于保存骑行报告和截图 / Para guardar informes y capturas de la ruta";
				INFOPLIST_KEY_NSPhotoLibraryUsageDescription = "用于选择骑手头像和分享图片 / Para elegir el avatar y compartir imágenes";
				INFOPLIST_KEY_NSSupportsLiveActivities = YES;
				INFOPLIST_KEY_UIApplicationSupportsIndirectInputEvents = YES;
				INFOPLIST_KEY_UILaunchStoryboardName = LaunchScreen;
				INFOPLIST_KEY_UIMainStoryboardFile = Main;
				INFOPLIST_KEY_UIStatusBarStyle = UIStatusBarStyleLightContent;
				INFOPLIST_KEY_UISupportedInterfaceOrientations = UIInterfaceOrientationPortrait;
				INFOPLIST_KEY_UISupportedInterfaceOrientations_iPad = "UIInterfaceOrientationLandscapeLeft UIInterfaceOrientationLandscapeRight UIInterfaceOrientationPortrait";
				IPHONEOS_DEPLOYMENT_TARGET = 17.0;
				LD_RUNPATH_SEARCH_PATHS = (
					"$(inherited)",
					"@executable_path/Frameworks",
				);
				MACOSX_DEPLOYMENT_TARGET = 14.6;
				MARKETING_VERSION = 2.0.8;
				OTHER_LDFLAGS = (
					"$(inherited)",
					"-all_load",
					"-ObjC",
					"-l\"c++\"",
					"-l\"swiftCoreGraphics\"",
					"-l\"z\"",
					"-framework",
					"\"AVFoundation\"",
					"-framework",
					"\"AVKit\"",
					"-framework",
					"\"Accelerate\"",
					"-framework",
					"\"Alamofire\"",
					"-framework",
					"\"AttributedString\"",
					"-framework",
					"\"AudioToolbox\"",
					"-framework",
					"\"Bugly\"",
					"-framework",
					"\"CFNetwork\"",
					"-framework",
					"\"CocoaLumberjack\"",
					"-framework",
					"\"Combine\"",
					"-framework",
					"\"CoreFoundation\"",
					"-framework",
					"\"CoreGraphics\"",
					"-framework",
					"\"CoreMotion\"",
					"-framework",
					"\"CoreText\"",
					"-framework",
					"\"DeviceKit\"",
					"-framework",
					"\"FlagKit\"",
					"-framework",
					"\"Foundation\"",
					"-framework",
					"\"IQKeyboardCore\"",
					"-framework",
					"\"IQKeyboardManagerSwift\"",
					"-framework",
					"\"IQKeyboardNotification\"",
					"-framework",
					"\"IQKeyboardReturnManager\"",
					"-framework",
					"\"IQKeyboardToolbar\"",
					"-framework",
					"\"IQKeyboardToolbarManager\"",
					"-framework",
					"\"IQTextInputViewNotification\"",
					"-framework",
					"\"IQTextView\"",
					"-framework",
					"\"KakaJSON\"",
					"-framework",
					"\"Kingfisher\"",
					"-framework",
					"\"LookinServer\"",
					"-framework",
					"\"Lottie\"",
					"-framework",
					"\"Photos\"",
					"-framework",
					"\"PooTools\"",
					"-framework",
					"\"QuartzCore\"",
					"-framework",
					"\"SafeSFSymbols\"",
					"-framework",
					"\"Security\"",
					"-framework",
					"\"SmartCodable\"",
					"-framework",
					"\"SnapKit\"",
					"-framework",
					"\"SwiftDate\"",
					"-framework",
					"\"SwifterSwift\"",
					"-framework",
					"\"SystemConfiguration\"",
					"-framework",
					"\"UIKit\"",
					"-framework",
					"\"Combine\"",
					"-weak_framework",
					"\"SwiftUI\"",
				);
				PRODUCT_BUNDLE_IDENTIFIER = com.yd.PTSpeed;
				PRODUCT_NAME = XP400Ride;
				REGISTER_APP_GROUPS = YES;
				STRING_CATALOG_GENERATE_SYMBOLS = YES;
				SUPPORTED_PLATFORMS = "iphoneos iphonesimulator";
				SUPPORTS_MACCATALYST = NO;
				SUPPORTS_MAC_DESIGNED_FOR_IPHONE_IPAD = YES;
				SUPPORTS_XR_DESIGNED_FOR_IPHONE_IPAD = NO;
				SWIFT_APPROACHABLE_CONCURRENCY = YES;
				SWIFT_DEFAULT_ACTOR_ISOLATION = MainActor;
				SWIFT_EMIT_LOC_STRINGS = YES;
				SWIFT_UPCOMING_FEATURE_MEMBER_IMPORT_VISIBILITY = YES;
				SWIFT_VERSION = 5.0;
				TARGETED_DEVICE_FAMILY = 1;
				WATCHOS_DEPLOYMENT_TARGET = 10.6;
				XROS_DEPLOYMENT_TARGET = 2.6;
			};
			name = Debug;
		};
		5577E64C2FD657040004733F /* Release */ = {
			isa = XCBuildConfiguration;
			baseConfigurationReference = 55F52C58303D4025007527C2 /* Release.xcconfig */;
			buildSettings = {
				ASSETCATALOG_COMPILER_APPICON_NAME = AppIcon;
				ASSETCATALOG_COMPILER_GLOBAL_ACCENT_COLOR_NAME = AccentColor;
				CODE_SIGN_ENTITLEMENTS = PTSpeed/PTSpeed.entitlements;
				CODE_SIGN_STYLE = Automatic;
				CURRENT_PROJECT_VERSION = 38;
				DEVELOPMENT_TEAM = 5U99J43536;
				GENERATE_INFOPLIST_FILE = YES;
				INFOPLIST_FILE = PTSpeed/Info.plist;
				INFOPLIST_KEY_CFBundleDisplayName = XP400RIDE;
				INFOPLIST_KEY_NSAppleMusicUsageDescription = "用于导航语音和音乐信息 / Para indicaciones de voz e información musical";
				INFOPLIST_KEY_NSBluetoothAlwaysUsageDescription = "用于连接摩托车仪表并读取车辆数据 / Para conectar el cuadro de la moto y leer sus datos";
				INFOPLIST_KEY_NSLocalNetworkUsageDescription = "用于发现同组骑手并进行对讲 / Para descubrir a los pilotos del grupo y usar el intercomunicador";
				INFOPLIST_KEY_NSLocationAlwaysAndWhenInUseUsageDescription = "用于记录骑行路线、停车位置和防盗状态 / Para registrar la ruta, el aparcamiento y el estado antirrobo";
				INFOPLIST_KEY_NSLocationAlwaysUsageDescription = "用于后台记录骑行路线和防盗状态 / Para registrar la ruta y el estado antirrobo en segundo plano";
				INFOPLIST_KEY_NSLocationWhenInUseUsageDescription = "用于记录骑行路线和当前位置 / Para registrar la ruta y la ubicación actual";
				INFOPLIST_KEY_NSMicrophoneUsageDescription = "用于摩托车组群语音对讲 / Para el intercomunicador de voz del grupo de motos";
				INFOPLIST_KEY_NSMotionUsageDescription = "用于识别骑行姿态和加速度变化 / Para detectar la postura y los cambios de aceleración durante la ruta";
				INFOPLIST_KEY_NSPhotoLibraryAddUsageDescription = "用于保存骑行报告和截图 / Para guardar informes y capturas de la ruta";
				INFOPLIST_KEY_NSPhotoLibraryUsageDescription = "用于选择骑手头像和分享图片 / Para elegir el avatar y compartir imágenes";
				INFOPLIST_KEY_NSSupportsLiveActivities = YES;
				INFOPLIST_KEY_UIApplicationSupportsIndirectInputEvents = YES;
				INFOPLIST_KEY_UILaunchStoryboardName = LaunchScreen;
				INFOPLIST_KEY_UIMainStoryboardFile = Main;
				INFOPLIST_KEY_UIStatusBarStyle = UIStatusBarStyleLightContent;
				INFOPLIST_KEY_UISupportedInterfaceOrientations = UIInterfaceOrientationPortrait;
				INFOPLIST_KEY_UISupportedInterfaceOrientations_iPad = "UIInterfaceOrientationLandscapeLeft UIInterfaceOrientationLandscapeRight UIInterfaceOrientationPortrait";
				IPHONEOS_DEPLOYMENT_TARGET = 17.0;
				LD_RUNPATH_SEARCH_PATHS = (
					"$(inherited)",
					"@executable_path/Frameworks",
				);
				MACOSX_DEPLOYMENT_TARGET = 14.6;
				MARKETING_VERSION = 2.0.8;
				OTHER_LDFLAGS = (
					"$(inherited)",
					"-all_load",
					"-ObjC",
					"-l\"c++\"",
					"-l\"swiftCoreGraphics\"",
					"-l\"z\"",
					"-framework",
					"\"AVFoundation\"",
					"-framework",
					"\"AVKit\"",
					"-framework",
					"\"Accelerate\"",
					"-framework",
					"\"Alamofire\"",
					"-framework",
					"\"AttributedString\"",
					"-framework",
					"\"AudioToolbox\"",
					"-framework",
					"\"Bugly\"",
					"-framework",
					"\"CFNetwork\"",
					"-framework",
					"\"CocoaLumberjack\"",
					"-framework",
					"\"Combine\"",
					"-framework",
					"\"CoreFoundation\"",
					"-framework",
					"\"CoreGraphics\"",
					"-framework",
					"\"CoreMotion\"",
					"-framework",
					"\"CoreText\"",
					"-framework",
					"\"DeviceKit\"",
					"-framework",
					"\"FlagKit\"",
					"-framework",
					"\"Foundation\"",
					"-framework",
					"\"IQKeyboardCore\"",
					"-framework",
					"\"IQKeyboardManagerSwift\"",
					"-framework",
					"\"IQKeyboardNotification\"",
					"-framework",
					"\"IQKeyboardReturnManager\"",
					"-framework",
					"\"IQKeyboardToolbar\"",
					"-framework",
					"\"IQKeyboardToolbarManager\"",
					"-framework",
					"\"IQTextInputViewNotification\"",
					"-framework",
					"\"IQTextView\"",
					"-framework",
					"\"KakaJSON\"",
					"-framework",
					"\"Kingfisher\"",
					"-framework",
					"\"Lottie\"",
					"-framework",
					"\"Photos\"",
					"-framework",
					"\"PooTools\"",
					"-framework",
					"\"QuartzCore\"",
					"-framework",
					"\"SafeSFSymbols\"",
					"-framework",
					"\"Security\"",
					"-framework",
					"\"SmartCodable\"",
					"-framework",
					"\"SnapKit\"",
					"-framework",
					"\"SwiftDate\"",
					"-framework",
					"\"SwifterSwift\"",
					"-framework",
					"\"SystemConfiguration\"",
					"-framework",
					"\"UIKit\"",
					"-framework",
					"\"Combine\"",
					"-weak_framework",
					"\"SwiftUI\"",
				);
				PRODUCT_BUNDLE_IDENTIFIER = com.yd.PTSpeed;
				PRODUCT_NAME = XP400Ride;
				REGISTER_APP_GROUPS = YES;
				STRING_CATALOG_GENERATE_SYMBOLS = YES;
				SUPPORTED_PLATFORMS = "iphoneos iphonesimulator";
				SUPPORTS_MACCATALYST = NO;
				SUPPORTS_MAC_DESIGNED_FOR_IPHONE_IPAD = YES;
				SUPPORTS_XR_DESIGNED_FOR_IPHONE_IPAD = NO;
				SWIFT_APPROACHABLE_CONCURRENCY = YES;
				SWIFT_DEFAULT_ACTOR_ISOLATION = MainActor;
				SWIFT_EMIT_LOC_STRINGS = YES;
				SWIFT_UPCOMING_FEATURE_MEMBER_IMPORT_VISIBILITY = YES;
				SWIFT_VERSION = 5.0;
				TARGETED_DEVICE_FAMILY = 1;
				WATCHOS_DEPLOYMENT_TARGET = 10.6;
				XROS_DEPLOYMENT_TARGET = 2.6;
			};
			name = Release;
		};
		55F52C6A303D4025007527C2 /* Debug */ = {
			isa = XCBuildConfiguration;
			baseConfigurationReference = 55F52C57303D4025007527C2 /* Debug.xcconfig */;
			buildSettings = {
				ALWAYS_SEARCH_USER_PATHS = NO;
				BUNDLE_LOADER = "$(TEST_HOST)";
				CODE_SIGN_STYLE = Automatic;
				CURRENT_PROJECT_VERSION = 35;
				DEVELOPMENT_TEAM = 5U99J43536;
				GENERATE_INFOPLIST_FILE = YES;
				IPHONEOS_DEPLOYMENT_TARGET = 17.0;
				LD_RUNPATH_SEARCH_PATHS = (
					"$(inherited)",
					"@executable_path/Frameworks",
					"@loader_path/Frameworks",
				);
				PRODUCT_BUNDLE_IDENTIFIER = com.yd.PTSpeedTests;
				PRODUCT_NAME = "$(TARGET_NAME)";
				SWIFT_VERSION = 5.0;
				TARGETED_DEVICE_FAMILY = 1;
				TEST_HOST = "$(BUILT_PRODUCTS_DIR)/XP400Ride.app/XP400Ride";
			};
			name = Debug;
		};
		55F52C6B303D4025007527C2 /* Release */ = {
			isa = XCBuildConfiguration;
			baseConfigurationReference = 55F52C58303D4025007527C2 /* Release.xcconfig */;
			buildSettings = {
				ALWAYS_SEARCH_USER_PATHS = NO;
				BUNDLE_LOADER = "$(TEST_HOST)";
				CODE_SIGN_STYLE = Automatic;
				CURRENT_PROJECT_VERSION = 35;
				DEVELOPMENT_TEAM = 5U99J43536;
				GENERATE_INFOPLIST_FILE = YES;
				IPHONEOS_DEPLOYMENT_TARGET = 17.0;
				LD_RUNPATH_SEARCH_PATHS = (
					"$(inherited)",
					"@executable_path/Frameworks",
					"@loader_path/Frameworks",
				);
				PRODUCT_BUNDLE_IDENTIFIER = com.yd.PTSpeedTests;
				PRODUCT_NAME = "$(TARGET_NAME)";
				SWIFT_OPTIMIZATION_LEVEL = "-Owholemodule";
				SWIFT_VERSION = 5.0;
				TARGETED_DEVICE_FAMILY = 1;
				TEST_HOST = "$(BUILT_PRODUCTS_DIR)/XP400Ride.app/XP400Ride";
			};
			name = Release;
		};
/* End XCBuildConfiguration section */

/* Begin XCConfigurationList section */
		55499E18301AFCEA00A1A2D9 /* Build configuration list for PBXNativeTarget "xp400WidgetExtension" */ = {
			isa = XCConfigurationList;
			buildConfigurations = (
				55499E19301AFCEA00A1A2D9 /* Debug */,
				55499E1A301AFCEA00A1A2D9 /* Release */,
			);
			defaultConfigurationIsVisible = 0;
			defaultConfigurationName = Release;
		};
		555DC84D303820E6002B003B /* Build configuration list for PBXNativeTarget "xp400watch Watch App" */ = {
			isa = XCConfigurationList;
			buildConfigurations = (
				555DC84B303820E6002B003B /* Debug */,
				555DC84C303820E6002B003B /* Release */,
			);
			defaultConfigurationIsVisible = 0;
			defaultConfigurationName = Release;
		};
		5577E5B82FD5C1DB0004733F /* Build configuration list for PBXProject "CrazyDashboard" */ = {
			isa = XCConfigurationList;
			buildConfigurations = (
				5577E5D32FD5C1DD0004733F /* Debug */,
				5577E5D42FD5C1DD0004733F /* Release */,
			);
			defaultConfigurationIsVisible = 0;
			defaultConfigurationName = Release;
		};
		5577E64A2FD657040004733F /* Build configuration list for PBXNativeTarget "PTSpeed" */ = {
			isa = XCConfigurationList;
			buildConfigurations = (
				5577E64B2FD657040004733F /* Debug */,
				5577E64C2FD657040004733F /* Release */,
			);
			defaultConfigurationIsVisible = 0;
			defaultConfigurationName = Release;
		};
		55F52C64303D4025007527C2 /* Build configuration list for PBXNativeTarget "PTSpeedTests" */ = {
			isa = XCConfigurationList;
			buildConfigurations = (
				55F52C6A303D4025007527C2 /* Debug */,
				55F52C6B303D4025007527C2 /* Release */,
			);
			defaultConfigurationIsVisible = 0;
			defaultConfigurationName = Release;
		};
/* End XCConfigurationList section */

/* Begin XCRemoteSwiftPackageReference section */
		55E61690301B45B50075F883 /* XCRemoteSwiftPackageReference "qweather-ios-sdk" */ = {
			isa = XCRemoteSwiftPackageReference;
			repositoryURL = "https://github.com/qwd/qweather-ios-sdk.git";
			requirement = {
				kind = upToNextMajorVersion;
				minimumVersion = 5.2.2;
			};
		};
/* End XCRemoteSwiftPackageReference section */

/* Begin XCSwiftPackageProductDependency section */
		55E61691301B45B50075F883 /* QWeatherSDK */ = {
			isa = XCSwiftPackageProductDependency;
			package = 55E61690301B45B50075F883 /* XCRemoteSwiftPackageReference "qweather-ios-sdk" */;
			productName = QWeatherSDK;
		};
/* End XCSwiftPackageProductDependency section */
	};
	rootObject = 5577E5B52FD5C1DB0004733F /* Project object */;
}
